// !$*UTF8*$!
{
	archiveVersion = 1;
	classes = {
	};
	objectVersion = 46;
	objects = {

/* Begin PBXBuildFile section */
		0629B49C15C6D42700397737 /* sqlite3_extension_functions.c in Sources */ = {isa = PBXBuildFile; fileRef = 065D439A15C6D38700A38E86 /* sqlite3_extension_functions.c */; };
		0629B49D15C6D42700397737 /* UIColor_Categories.m in Sources */ = {isa = PBXBuildFile; fileRef = 065D439D15C6D38700A38E86 /* UIColor_Categories.m */; };
		0629B4AC15C6D58300397737 /* AVFoundation.framework in Frameworks */ = {isa = PBXBuildFile; fileRef = 0629B4A915C6D58300397737 /* AVFoundation.framework */; };
		0629B4AD15C6D58300397737 /* CoreMedia.framework in Frameworks */ = {isa = PBXBuildFile; fileRef = 0629B4AA15C6D58300397737 /* CoreMedia.framework */; };
		0629B4AE15C6D58300397737 /* CoreVideo.framework in Frameworks */ = {isa = PBXBuildFile; fileRef = 0629B4AB15C6D58300397737 /* CoreVideo.framework */; };
		0629B4B015C6D5A300397737 /* libsqlite3.0.dylib in Frameworks */ = {isa = PBXBuildFile; fileRef = 0629B4AF15C6D5A300397737 /* libsqlite3.0.dylib */; };
		0629B4B315C6E84B00397737 /* ColorListCell.m in Sources */ = {isa = PBXBuildFile; fileRef = 0629B4B215C6E84B00397737 /* ColorListCell.m */; };
		0639A6C4167DFA2F00DB78B5 /* LanguageSettingViewController.m in Sources */ = {isa = PBXBuildFile; fileRef = 0639A6C3167DFA2F00DB78B5 /* LanguageSettingViewController.m */; };
		065D433915C0301500A38E86 /* UIKit.framework in Frameworks */ = {isa = PBXBuildFile; fileRef = 065D433815C0301500A38E86 /* UIKit.framework */; };
		065D433B15C0301500A38E86 /* Foundation.framework in Frameworks */ = {isa = PBXBuildFile; fileRef = 065D433A15C0301500A38E86 /* Foundation.framework */; };
		065D433D15C0301500A38E86 /* CoreGraphics.framework in Frameworks */ = {isa = PBXBuildFile; fileRef = 065D433C15C0301500A38E86 /* CoreGraphics.framework */; };
		065D434315C0301500A38E86 /* InfoPlist.strings in Resources */ = {isa = PBXBuildFile; fileRef = 065D434115C0301500A38E86 /* InfoPlist.strings */; };
		065D434515C0301500A38E86 /* main.m in Sources */ = {isa = PBXBuildFile; fileRef = 065D434415C0301500A38E86 /* main.m */; };
		065D434915C0301500A38E86 /* AppDelegate.m in Sources */ = {isa = PBXBuildFile; fileRef = 065D434815C0301500A38E86 /* AppDelegate.m */; };
		065D434C15C0301500A38E86 /* MainStoryboard.storyboard in Resources */ = {isa = PBXBuildFile; fileRef = 065D434A15C0301500A38E86 /* MainStoryboard.storyboard */; };
		065D434F15C0301500A38E86 /* MasterViewController.m in Sources */ = {isa = PBXBuildFile; fileRef = 065D434E15C0301500A38E86 /* MasterViewController.m */; };
		065D435A15C0301500A38E86 /* SenTestingKit.framework in Frameworks */ = {isa = PBXBuildFile; fileRef = 065D435915C0301500A38E86 /* SenTestingKit.framework */; };
		065D435B15C0301500A38E86 /* UIKit.framework in Frameworks */ = {isa = PBXBuildFile; fileRef = 065D433815C0301500A38E86 /* UIKit.framework */; };
		065D435C15C0301500A38E86 /* Foundation.framework in Frameworks */ = {isa = PBXBuildFile; fileRef = 065D433A15C0301500A38E86 /* Foundation.framework */; };
		065D436415C0301500A38E86 /* InfoPlist.strings in Resources */ = {isa = PBXBuildFile; fileRef = 065D436215C0301500A38E86 /* InfoPlist.strings */; };
		065D436715C0301500A38E86 /* ColorNameTests.m in Sources */ = {isa = PBXBuildFile; fileRef = 065D436615C0301500A38E86 /* ColorNameTests.m */; };
		065D438A15C6D33D00A38E86 /* FMDatabase.m in Sources */ = {isa = PBXBuildFile; fileRef = 065D437315C6D33D00A38E86 /* FMDatabase.m */; settings = {COMPILER_FLAGS = "-fno-objc-arc"; }; };
		065D438B15C6D33D00A38E86 /* FMDatabaseAdditions.m in Sources */ = {isa = PBXBuildFile; fileRef = 065D437515C6D33D00A38E86 /* FMDatabaseAdditions.m */; settings = {COMPILER_FLAGS = "-fno-objc-arc"; }; };
		065D438C15C6D33D00A38E86 /* FMDatabasePool.m in Sources */ = {isa = PBXBuildFile; fileRef = 065D437715C6D33D00A38E86 /* FMDatabasePool.m */; settings = {COMPILER_FLAGS = "-fno-objc-arc"; }; };
		065D438D15C6D33D00A38E86 /* FMDatabaseQueue.m in Sources */ = {isa = PBXBuildFile; fileRef = 065D437915C6D33D00A38E86 /* FMDatabaseQueue.m */; settings = {COMPILER_FLAGS = "-fno-objc-arc"; }; };
		065D438E15C6D33D00A38E86 /* FMResultSet.m in Sources */ = {isa = PBXBuildFile; fileRef = 065D437B15C6D33D00A38E86 /* FMResultSet.m */; settings = {COMPILER_FLAGS = "-fno-objc-arc"; }; };
		065D438F15C6D33D00A38E86 /* NSObject+SBJSON.m in Sources */ = {isa = PBXBuildFile; fileRef = 065D437F15C6D33D00A38E86 /* NSObject+SBJSON.m */; settings = {COMPILER_FLAGS = "-fno-objc-arc"; }; };
		065D439015C6D33D00A38E86 /* NSString+SBJSON.m in Sources */ = {isa = PBXBuildFile; fileRef = 065D438115C6D33D00A38E86 /* NSString+SBJSON.m */; settings = {COMPILER_FLAGS = "-fno-objc-arc"; }; };
		065D439115C6D33D00A38E86 /* SBJSON.m in Sources */ = {isa = PBXBuildFile; fileRef = 065D438315C6D33D00A38E86 /* SBJSON.m */; settings = {COMPILER_FLAGS = "-fno-objc-arc"; }; };
		065D439215C6D33D00A38E86 /* SBJsonBase.m in Sources */ = {isa = PBXBuildFile; fileRef = 065D438515C6D33D00A38E86 /* SBJsonBase.m */; settings = {COMPILER_FLAGS = "-fno-objc-arc"; }; };
		065D439315C6D33D00A38E86 /* SBJsonParser.m in Sources */ = {isa = PBXBuildFile; fileRef = 065D438715C6D33D00A38E86 /* SBJsonParser.m */; settings = {COMPILER_FLAGS = "-fno-objc-arc"; }; };
		065D439415C6D33D00A38E86 /* SBJsonWriter.m in Sources */ = {isa = PBXBuildFile; fileRef = 065D438915C6D33D00A38E86 /* SBJsonWriter.m */; settings = {COMPILER_FLAGS = "-fno-objc-arc"; }; };
		065D439815C6D34700A38E86 /* color_names_ja.json in Resources */ = {isa = PBXBuildFile; fileRef = 065D439615C6D34700A38E86 /* color_names_ja.json */; };
		065D439915C6D34700A38E86 /* color_names_us.json in Resources */ = {isa = PBXBuildFile; fileRef = 065D439715C6D34700A38E86 /* color_names_us.json */; };
		065D439E15C6D38700A38E86 /* sqlite3_extension_functions.c in Sources */ = {isa = PBXBuildFile; fileRef = 065D439A15C6D38700A38E86 /* sqlite3_extension_functions.c */; };
		065D439F15C6D38700A38E86 /* UIColor_Categories.m in Sources */ = {isa = PBXBuildFile; fileRef = 065D439D15C6D38700A38E86 /* UIColor_Categories.m */; };
		0665C32A160EEDAF00C9EFC5 /* pause.png in Resources */ = {isa = PBXBuildFile; fileRef = 0665C328160EEDAF00C9EFC5 /* pause.png */; };
		0665C32B160EEDAF00C9EFC5 /* play.png in Resources */ = {isa = PBXBuildFile; fileRef = 0665C329160EEDAF00C9EFC5 /* play.png */; };
		0665C330160EFAAC00C9EFC5 /* BaseDao.m in Sources */ = {isa = PBXBuildFile; fileRef = 0665C32F160EFAAC00C9EFC5 /* BaseDao.m */; };
		0665C333160F01AA00C9EFC5 /* TbColorName.m in Sources */ = {isa = PBXBuildFile; fileRef = 0665C332160F01AA00C9EFC5 /* TbColorName.m */; };
		0665C336160F044900C9EFC5 /* TbColorNameJaDao.m in Sources */ = {isa = PBXBuildFile; fileRef = 0665C335160F044900C9EFC5 /* TbColorNameJaDao.m */; };
		0681E751168205010071C5B3 /* CoreData.framework in Frameworks */ = {isa = PBXBuildFile; fileRef = 0681E74F168205010071C5B3 /* CoreData.framework */; };
		0681E752168205010071C5B3 /* SystemConfiguration.framework in Frameworks */ = {isa = PBXBuildFile; fileRef = 0681E750168205010071C5B3 /* SystemConfiguration.framework */; };
		06A3F685162174F200833A22 /* TbFavoriteColorNameDao.m in Sources */ = {isa = PBXBuildFile; fileRef = 06A3F684162174F200833A22 /* TbFavoriteColorNameDao.m */; };
		06A3F6881621A6A400833A22 /* FavoritesColorViewController.m in Sources */ = {isa = PBXBuildFile; fileRef = 06A3F6871621A6A400833A22 /* FavoritesColorViewController.m */; };
		06A3F68B1622738200833A22 /* TbColorNameEnDao.m in Sources */ = {isa = PBXBuildFile; fileRef = 06A3F68A1622738200833A22 /* TbColorNameEnDao.m */; };
		06A3F68D16227EDF00833A22 /* Settings.bundle in Resources */ = {isa = PBXBuildFile; fileRef = 06A3F68C16227EDF00833A22 /* Settings.bundle */; };
		06A3F6961629A99200833A22 /* SVProgressHUD.bundle in Resources */ = {isa = PBXBuildFile; fileRef = 06A3F6931629A99200833A22 /* SVProgressHUD.bundle */; };
		06A3F6971629A99200833A22 /* SVProgressHUD.m in Sources */ = {isa = PBXBuildFile; fileRef = 06A3F6951629A99200833A22 /* SVProgressHUD.m */; };
		06A3F73216340EE400833A22 /* WebViewViewController.m in Sources */ = {isa = PBXBuildFile; fileRef = 06A3F73116340EE400833A22 /* WebViewViewController.m */; };
		06C4000216F4A4A900EBD9C1 /* .gitignore in Resources */ = {isa = PBXBuildFile; fileRef = 06C4FFE216F4A4A900EBD9C1 /* .gitignore */; };
		06C4000316F4A4A900EBD9C1 /* Appirater.m in Sources */ = {isa = PBXBuildFile; fileRef = 06C4FFE416F4A4A900EBD9C1 /* Appirater.m */; };
		06C4000416F4A4A900EBD9C1 /* Appirater.podspec in Resources */ = {isa = PBXBuildFile; fileRef = 06C4FFE516F4A4A900EBD9C1 /* Appirater.podspec */; };
		06C4000516F4A4A900EBD9C1 /* AppiraterLocalizable.strings in Resources */ = {isa = PBXBuildFile; fileRef = 06C4FFE716F4A4A900EBD9C1 /* AppiraterLocalizable.strings */; };
		06C4000616F4A4A900EBD9C1 /* README.md in Resources */ = {isa = PBXBuildFile; fileRef = 06C4FFFA16F4A4A900EBD9C1 /* README.md */; };
		06C4000E16F4B62400EBD9C1 /* LINEActivity.m in Sources */ = {isa = PBXBuildFile; fileRef = 06C4000916F4B62400EBD9C1 /* LINEActivity.m */; };
		06C4000F16F4B62400EBD9C1 /* LINEActivityIcon.png in Resources */ = {isa = PBXBuildFile; fileRef = 06C4000A16F4B62400EBD9C1 /* LINEActivityIcon.png */; };
		06C4001016F4B62400EBD9C1 /* LINEActivityIcon@2x.png in Resources */ = {isa = PBXBuildFile; fileRef = 06C4000B16F4B62400EBD9C1 /* LINEActivityIcon@2x.png */; };
		06C4001116F4B62400EBD9C1 /* LINEActivityIcon@2x~ipad.png in Resources */ = {isa = PBXBuildFile; fileRef = 06C4000C16F4B62400EBD9C1 /* LINEActivityIcon@2x~ipad.png */; };
		06C4001216F4B62400EBD9C1 /* LINEActivityIcon~ipad.png in Resources */ = {isa = PBXBuildFile; fileRef = 06C4000D16F4B62400EBD9C1 /* LINEActivityIcon~ipad.png */; };
		06C4001516F4C7BE00EBD9C1 /* SimilarColorsViewController.m in Sources */ = {isa = PBXBuildFile; fileRef = 06C4001416F4C7BE00EBD9C1 /* SimilarColorsViewController.m */; };
		06C4001816F4C86200EBD9C1 /* DefaultColorTableViewController.m in Sources */ = {isa = PBXBuildFile; fileRef = 06C4001716F4C86200EBD9C1 /* DefaultColorTableViewController.m */; };
		06C4001B16F4E15A00EBD9C1 /* ShareSettingViewController.m in Sources */ = {isa = PBXBuildFile; fileRef = 06C4001A16F4E15900EBD9C1 /* ShareSettingViewController.m */; };
		06C4FFD616F46DD400EBD9C1 /* libGoogleAnalytics.a in Frameworks */ = {isa = PBXBuildFile; fileRef = 06C4FFA716F46DD400EBD9C1 /* libGoogleAnalytics.a */; };
		06C4FFDD16F4706400EBD9C1 /* sample.png in Resources */ = {isa = PBXBuildFile; fileRef = 06C4FFDC16F4706400EBD9C1 /* sample.png */; };
		06C4FFE016F49FFC00EBD9C1 /* StoreKit.framework in Frameworks */ = {isa = PBXBuildFile; fileRef = 06C4FFDF16F49FFC00EBD9C1 /* StoreKit.framework */; };
		06C660AE16650567003CC7C2 /* Localizable.strings in Resources */ = {isa = PBXBuildFile; fileRef = 06C660AC16650567003CC7C2 /* Localizable.strings */; };
		06C660B116650578003CC7C2 /* Localizable.strings in Resources */ = {isa = PBXBuildFile; fileRef = 06C660AF16650578003CC7C2 /* Localizable.strings */; };
		06C660B3166506A7003CC7C2 /* third_party_notices.html in Resources */ = {isa = PBXBuildFile; fileRef = 06C660B2166506A7003CC7C2 /* third_party_notices.html */; };
		06C660B6166506CA003CC7C2 /* ThirdPartyNoticesViewController.m in Sources */ = {isa = PBXBuildFile; fileRef = 06C660B5166506CA003CC7C2 /* ThirdPartyNoticesViewController.m */; };
		06C660B916650B4E003CC7C2 /* FlipFromLeftSegue.m in Sources */ = {isa = PBXBuildFile; fileRef = 06C660B816650B4E003CC7C2 /* FlipFromLeftSegue.m */; };
		06C660D416666590003CC7C2 /* QuartzCore.framework in Frameworks */ = {isa = PBXBuildFile; fileRef = 06C660D316666590003CC7C2 /* QuartzCore.framework */; };
		06C660D5166665AD003CC7C2 /* QuartzCore.framework in Frameworks */ = {isa = PBXBuildFile; fileRef = 06C660D316666590003CC7C2 /* QuartzCore.framework */; };
		06C660DB1666693F003CC7C2 /* AboutViewController.m in Sources */ = {isa = PBXBuildFile; fileRef = 06C660DA1666693F003CC7C2 /* AboutViewController.m */; };
		06C660E21666771D003CC7C2 /* FlipFromRightSegue.m in Sources */ = {isa = PBXBuildFile; fileRef = 06C660E11666771C003CC7C2 /* FlipFromRightSegue.m */; };
		06D7950616500069004396FB /* Default-568h@2x.png in Resources */ = {isa = PBXBuildFile; fileRef = 06D7950516500069004396FB /* Default-568h@2x.png */; };
		06D79509165F3074004396FB /* AuthViewController.m in Sources */ = {isa = PBXBuildFile; fileRef = 06D79508165F3074004396FB /* AuthViewController.m */; };
		06D7950C165F32A3004396FB /* UserPageViewController.m in Sources */ = {isa = PBXBuildFile; fileRef = 06D7950B165F32A3004396FB /* UserPageViewController.m */; };
		06D79519165F4EE4004396FB /* Accounts.framework in Frameworks */ = {isa = PBXBuildFile; fileRef = 06D79517165F4EE4004396FB /* Accounts.framework */; };
		06D7951A165F4EE4004396FB /* Social.framework in Frameworks */ = {isa = PBXBuildFile; fileRef = 06D79518165F4EE4004396FB /* Social.framework */; };
		06D7951E1661FF12004396FB /* ColorNameService.m in Sources */ = {isa = PBXBuildFile; fileRef = 06D7951D1661FF12004396FB /* ColorNameService.m */; };
		06EC7CB0162155F5002F1B8F /* ColorDetailsViewController.m in Sources */ = {isa = PBXBuildFile; fileRef = 06EC7CAF162155F5002F1B8F /* ColorDetailsViewController.m */; };
		6577010315CA0CB800A36A85 /* FMDatabase.m in Sources */ = {isa = PBXBuildFile; fileRef = 065D437315C6D33D00A38E86 /* FMDatabase.m */; };
		6577010415CA0CB800A36A85 /* FMDatabaseAdditions.m in Sources */ = {isa = PBXBuildFile; fileRef = 065D437515C6D33D00A38E86 /* FMDatabaseAdditions.m */; };
		6577010515CA0CB800A36A85 /* FMDatabasePool.m in Sources */ = {isa = PBXBuildFile; fileRef = 065D437715C6D33D00A38E86 /* FMDatabasePool.m */; };
		6577010615CA0CB800A36A85 /* FMDatabaseQueue.m in Sources */ = {isa = PBXBuildFile; fileRef = 065D437915C6D33D00A38E86 /* FMDatabaseQueue.m */; };
		6577010715CA0CB800A36A85 /* FMResultSet.m in Sources */ = {isa = PBXBuildFile; fileRef = 065D437B15C6D33D00A38E86 /* FMResultSet.m */; };
		6577010815CA0CB800A36A85 /* NSObject+SBJSON.m in Sources */ = {isa = PBXBuildFile; fileRef = 065D437F15C6D33D00A38E86 /* NSObject+SBJSON.m */; settings = {COMPILER_FLAGS = "-fno-objc-arc"; }; };
		6577010915CA0CB800A36A85 /* NSString+SBJSON.m in Sources */ = {isa = PBXBuildFile; fileRef = 065D438115C6D33D00A38E86 /* NSString+SBJSON.m */; settings = {COMPILER_FLAGS = "-fno-objc-arc"; }; };
		6577010A15CA0CB800A36A85 /* SBJSON.m in Sources */ = {isa = PBXBuildFile; fileRef = 065D438315C6D33D00A38E86 /* SBJSON.m */; settings = {COMPILER_FLAGS = "-fno-objc-arc"; }; };
		6577010B15CA0CB800A36A85 /* SBJsonBase.m in Sources */ = {isa = PBXBuildFile; fileRef = 065D438515C6D33D00A38E86 /* SBJsonBase.m */; settings = {COMPILER_FLAGS = "-fno-objc-arc"; }; };
		6577010C15CA0CB800A36A85 /* SBJsonParser.m in Sources */ = {isa = PBXBuildFile; fileRef = 065D438715C6D33D00A38E86 /* SBJsonParser.m */; settings = {COMPILER_FLAGS = "-fno-objc-arc"; }; };
		6577010D15CA0CB800A36A85 /* SBJsonWriter.m in Sources */ = {isa = PBXBuildFile; fileRef = 065D438915C6D33D00A38E86 /* SBJsonWriter.m */; settings = {COMPILER_FLAGS = "-fno-objc-arc"; }; };
		6577010E15CA0CB800A36A85 /* AppDelegate.m in Sources */ = {isa = PBXBuildFile; fileRef = 065D434815C0301500A38E86 /* AppDelegate.m */; };
		6577010F15CA0CB800A36A85 /* MasterViewController.m in Sources */ = {isa = PBXBuildFile; fileRef = 065D434E15C0301500A38E86 /* MasterViewController.m */; };
		6577011015CA0CB800A36A85 /* ColorListCell.m in Sources */ = {isa = PBXBuildFile; fileRef = 0629B4B215C6E84B00397737 /* ColorListCell.m */; };
		6577011115CA0D0500A36A85 /* CoreMedia.framework in Frameworks */ = {isa = PBXBuildFile; fileRef = 0629B4AA15C6D58300397737 /* CoreMedia.framework */; };
		6577011215CA0D0500A36A85 /* CoreVideo.framework in Frameworks */ = {isa = PBXBuildFile; fileRef = 0629B4AB15C6D58300397737 /* CoreVideo.framework */; };
		6577011315CA0D0D00A36A85 /* libsqlite3.0.dylib in Frameworks */ = {isa = PBXBuildFile; fileRef = 0629B4AF15C6D5A300397737 /* libsqlite3.0.dylib */; };
		6577011415CA0D1E00A36A85 /* AVFoundation.framework in Frameworks */ = {isa = PBXBuildFile; fileRef = 0629B4A915C6D58300397737 /* AVFoundation.framework */; };
		6577011515CA0D3600A36A85 /* CoreGraphics.framework in Frameworks */ = {isa = PBXBuildFile; fileRef = 065D433C15C0301500A38E86 /* CoreGraphics.framework */; };
		6577012015CA0FBB00A36A85 /* icon.png in Resources */ = {isa = PBXBuildFile; fileRef = 6577011F15CA0FBB00A36A85 /* icon.png */; };
		6577012215CA0FC000A36A85 /* icon@2x.png in Resources */ = {isa = PBXBuildFile; fileRef = 6577012115CA0FC000A36A85 /* icon@2x.png */; };
/* End PBXBuildFile section */

/* Begin PBXContainerItemProxy section */
		065D435D15C0301500A38E86 /* PBXContainerItemProxy */ = {
			isa = PBXContainerItemProxy;
			containerPortal = 065D432B15C0301400A38E86 /* Project object */;
			proxyType = 1;
			remoteGlobalIDString = 065D433315C0301500A38E86;
			remoteInfo = ColorName;
		};
/* End PBXContainerItemProxy section */

/* Begin PBXFileReference section */
		0629B4A915C6D58300397737 /* AVFoundation.framework */ = {isa = PBXFileReference; lastKnownFileType = wrapper.framework; name = AVFoundation.framework; path = System/Library/Frameworks/AVFoundation.framework; sourceTree = SDKROOT; };
		0629B4AA15C6D58300397737 /* CoreMedia.framework */ = {isa = PBXFileReference; lastKnownFileType = wrapper.framework; name = CoreMedia.framework; path = System/Library/Frameworks/CoreMedia.framework; sourceTree = SDKROOT; };
		0629B4AB15C6D58300397737 /* CoreVideo.framework */ = {isa = PBXFileReference; lastKnownFileType = wrapper.framework; name = CoreVideo.framework; path = System/Library/Frameworks/CoreVideo.framework; sourceTree = SDKROOT; };
		0629B4AF15C6D5A300397737 /* libsqlite3.0.dylib */ = {isa = PBXFileReference; lastKnownFileType = "compiled.mach-o.dylib"; name = libsqlite3.0.dylib; path = usr/lib/libsqlite3.0.dylib; sourceTree = SDKROOT; };
		0629B4B115C6E84B00397737 /* ColorListCell.h */ = {isa = PBXFileReference; fileEncoding = 4; lastKnownFileType = sourcecode.c.h; path = ColorListCell.h; sourceTree = "<group>"; };
		0629B4B215C6E84B00397737 /* ColorListCell.m */ = {isa = PBXFileReference; fileEncoding = 4; lastKnownFileType = sourcecode.c.objc; path = ColorListCell.m; sourceTree = "<group>"; };
		0639A6C2167DFA2F00DB78B5 /* LanguageSettingViewController.h */ = {isa = PBXFileReference; fileEncoding = 4; lastKnownFileType = sourcecode.c.h; path = LanguageSettingViewController.h; sourceTree = "<group>"; };
		0639A6C3167DFA2F00DB78B5 /* LanguageSettingViewController.m */ = {isa = PBXFileReference; fileEncoding = 4; lastKnownFileType = sourcecode.c.objc; path = LanguageSettingViewController.m; sourceTree = "<group>"; };
		065D433415C0301500A38E86 /* ColorName.app */ = {isa = PBXFileReference; explicitFileType = wrapper.application; includeInIndex = 0; path = ColorName.app; sourceTree = BUILT_PRODUCTS_DIR; };
		065D433815C0301500A38E86 /* UIKit.framework */ = {isa = PBXFileReference; lastKnownFileType = wrapper.framework; name = UIKit.framework; path = System/Library/Frameworks/UIKit.framework; sourceTree = SDKROOT; };
		065D433A15C0301500A38E86 /* Foundation.framework */ = {isa = PBXFileReference; lastKnownFileType = wrapper.framework; name = Foundation.framework; path = System/Library/Frameworks/Foundation.framework; sourceTree = SDKROOT; };
		065D433C15C0301500A38E86 /* CoreGraphics.framework */ = {isa = PBXFileReference; lastKnownFileType = wrapper.framework; name = CoreGraphics.framework; path = System/Library/Frameworks/CoreGraphics.framework; sourceTree = SDKROOT; };
		065D434015C0301500A38E86 /* ColorName-Info.plist */ = {isa = PBXFileReference; lastKnownFileType = text.plist.xml; path = "ColorName-Info.plist"; sourceTree = "<group>"; };
		065D434215C0301500A38E86 /* en */ = {isa = PBXFileReference; lastKnownFileType = text.plist.strings; name = en; path = en.lproj/InfoPlist.strings; sourceTree = "<group>"; };
		065D434415C0301500A38E86 /* main.m */ = {isa = PBXFileReference; lastKnownFileType = sourcecode.c.objc; path = main.m; sourceTree = "<group>"; };
		065D434615C0301500A38E86 /* ColorName-Prefix.pch */ = {isa = PBXFileReference; lastKnownFileType = sourcecode.c.h; path = "ColorName-Prefix.pch"; sourceTree = "<group>"; };
		065D434715C0301500A38E86 /* AppDelegate.h */ = {isa = PBXFileReference; lastKnownFileType = sourcecode.c.h; path = AppDelegate.h; sourceTree = "<group>"; };
		065D434815C0301500A38E86 /* AppDelegate.m */ = {isa = PBXFileReference; lastKnownFileType = sourcecode.c.objc; path = AppDelegate.m; sourceTree = "<group>"; };
		065D434B15C0301500A38E86 /* en */ = {isa = PBXFileReference; lastKnownFileType = file.storyboard; name = en; path = en.lproj/MainStoryboard.storyboard; sourceTree = "<group>"; };
		065D434D15C0301500A38E86 /* MasterViewController.h */ = {isa = PBXFileReference; lastKnownFileType = sourcecode.c.h; path = MasterViewController.h; sourceTree = "<group>"; };
		065D434E15C0301500A38E86 /* MasterViewController.m */ = {isa = PBXFileReference; lastKnownFileType = sourcecode.c.objc; path = MasterViewController.m; sourceTree = "<group>"; };
		065D435815C0301500A38E86 /* ColorNameTests.octest */ = {isa = PBXFileReference; explicitFileType = wrapper.cfbundle; includeInIndex = 0; path = ColorNameTests.octest; sourceTree = BUILT_PRODUCTS_DIR; };
		065D435915C0301500A38E86 /* SenTestingKit.framework */ = {isa = PBXFileReference; lastKnownFileType = wrapper.framework; name = SenTestingKit.framework; path = Library/Frameworks/SenTestingKit.framework; sourceTree = DEVELOPER_DIR; };
		065D436115C0301500A38E86 /* ColorNameTests-Info.plist */ = {isa = PBXFileReference; lastKnownFileType = text.plist.xml; path = "ColorNameTests-Info.plist"; sourceTree = "<group>"; };
		065D436315C0301500A38E86 /* en */ = {isa = PBXFileReference; lastKnownFileType = text.plist.strings; name = en; path = en.lproj/InfoPlist.strings; sourceTree = "<group>"; };
		065D436515C0301500A38E86 /* ColorNameTests.h */ = {isa = PBXFileReference; lastKnownFileType = sourcecode.c.h; path = ColorNameTests.h; sourceTree = "<group>"; };
		065D436615C0301500A38E86 /* ColorNameTests.m */ = {isa = PBXFileReference; lastKnownFileType = sourcecode.c.objc; path = ColorNameTests.m; sourceTree = "<group>"; };
		065D437215C6D33D00A38E86 /* FMDatabase.h */ = {isa = PBXFileReference; fileEncoding = 4; lastKnownFileType = sourcecode.c.h; path = FMDatabase.h; sourceTree = "<group>"; };
		065D437315C6D33D00A38E86 /* FMDatabase.m */ = {isa = PBXFileReference; fileEncoding = 4; lastKnownFileType = sourcecode.c.objc; path = FMDatabase.m; sourceTree = "<group>"; };
		065D437415C6D33D00A38E86 /* FMDatabaseAdditions.h */ = {isa = PBXFileReference; fileEncoding = 4; lastKnownFileType = sourcecode.c.h; path = FMDatabaseAdditions.h; sourceTree = "<group>"; };
		065D437515C6D33D00A38E86 /* FMDatabaseAdditions.m */ = {isa = PBXFileReference; fileEncoding = 4; lastKnownFileType = sourcecode.c.objc; path = FMDatabaseAdditions.m; sourceTree = "<group>"; };
		065D437615C6D33D00A38E86 /* FMDatabasePool.h */ = {isa = PBXFileReference; fileEncoding = 4; lastKnownFileType = sourcecode.c.h; path = FMDatabasePool.h; sourceTree = "<group>"; };
		065D437715C6D33D00A38E86 /* FMDatabasePool.m */ = {isa = PBXFileReference; fileEncoding = 4; lastKnownFileType = sourcecode.c.objc; path = FMDatabasePool.m; sourceTree = "<group>"; };
		065D437815C6D33D00A38E86 /* FMDatabaseQueue.h */ = {isa = PBXFileReference; fileEncoding = 4; lastKnownFileType = sourcecode.c.h; path = FMDatabaseQueue.h; sourceTree = "<group>"; };
		065D437915C6D33D00A38E86 /* FMDatabaseQueue.m */ = {isa = PBXFileReference; fileEncoding = 4; lastKnownFileType = sourcecode.c.objc; path = FMDatabaseQueue.m; sourceTree = "<group>"; };
		065D437A15C6D33D00A38E86 /* FMResultSet.h */ = {isa = PBXFileReference; fileEncoding = 4; lastKnownFileType = sourcecode.c.h; path = FMResultSet.h; sourceTree = "<group>"; };
		065D437B15C6D33D00A38E86 /* FMResultSet.m */ = {isa = PBXFileReference; fileEncoding = 4; lastKnownFileType = sourcecode.c.objc; path = FMResultSet.m; sourceTree = "<group>"; };
		065D437D15C6D33D00A38E86 /* JSON.h */ = {isa = PBXFileReference; fileEncoding = 4; lastKnownFileType = sourcecode.c.h; path = JSON.h; sourceTree = "<group>"; };
		065D437E15C6D33D00A38E86 /* NSObject+SBJSON.h */ = {isa = PBXFileReference; fileEncoding = 4; lastKnownFileType = sourcecode.c.h; path = "NSObject+SBJSON.h"; sourceTree = "<group>"; };
		065D437F15C6D33D00A38E86 /* NSObject+SBJSON.m */ = {isa = PBXFileReference; fileEncoding = 4; lastKnownFileType = sourcecode.c.objc; path = "NSObject+SBJSON.m"; sourceTree = "<group>"; };
		065D438015C6D33D00A38E86 /* NSString+SBJSON.h */ = {isa = PBXFileReference; fileEncoding = 4; lastKnownFileType = sourcecode.c.h; path = "NSString+SBJSON.h"; sourceTree = "<group>"; };
		065D438115C6D33D00A38E86 /* NSString+SBJSON.m */ = {isa = PBXFileReference; fileEncoding = 4; lastKnownFileType = sourcecode.c.objc; path = "NSString+SBJSON.m"; sourceTree = "<group>"; };
		065D438215C6D33D00A38E86 /* SBJSON.h */ = {isa = PBXFileReference; fileEncoding = 4; lastKnownFileType = sourcecode.c.h; path = SBJSON.h; sourceTree = "<group>"; };
		065D438315C6D33D00A38E86 /* SBJSON.m */ = {isa = PBXFileReference; fileEncoding = 4; lastKnownFileType = sourcecode.c.objc; path = SBJSON.m; sourceTree = "<group>"; };
		065D438415C6D33D00A38E86 /* SBJsonBase.h */ = {isa = PBXFileReference; fileEncoding = 4; lastKnownFileType = sourcecode.c.h; path = SBJsonBase.h; sourceTree = "<group>"; };
		065D438515C6D33D00A38E86 /* SBJsonBase.m */ = {isa = PBXFileReference; fileEncoding = 4; lastKnownFileType = sourcecode.c.objc; path = SBJsonBase.m; sourceTree = "<group>"; };
		065D438615C6D33D00A38E86 /* SBJsonParser.h */ = {isa = PBXFileReference; fileEncoding = 4; lastKnownFileType = sourcecode.c.h; path = SBJsonParser.h; sourceTree = "<group>"; };
		065D438715C6D33D00A38E86 /* SBJsonParser.m */ = {isa = PBXFileReference; fileEncoding = 4; lastKnownFileType = sourcecode.c.objc; path = SBJsonParser.m; sourceTree = "<group>"; };
		065D438815C6D33D00A38E86 /* SBJsonWriter.h */ = {isa = PBXFileReference; fileEncoding = 4; lastKnownFileType = sourcecode.c.h; path = SBJsonWriter.h; sourceTree = "<group>"; };
		065D438915C6D33D00A38E86 /* SBJsonWriter.m */ = {isa = PBXFileReference; fileEncoding = 4; lastKnownFileType = sourcecode.c.objc; path = SBJsonWriter.m; sourceTree = "<group>"; };
		065D439615C6D34700A38E86 /* color_names_ja.json */ = {isa = PBXFileReference; fileEncoding = 4; lastKnownFileType = text.json; path = color_names_ja.json; sourceTree = "<group>"; };
		065D439715C6D34700A38E86 /* color_names_us.json */ = {isa = PBXFileReference; fileEncoding = 4; lastKnownFileType = text.json; path = color_names_us.json; sourceTree = "<group>"; };
		065D439A15C6D38700A38E86 /* sqlite3_extension_functions.c */ = {isa = PBXFileReference; fileEncoding = 4; lastKnownFileType = sourcecode.c.c; path = sqlite3_extension_functions.c; sourceTree = "<group>"; };
		065D439B15C6D38700A38E86 /* sqlite3_extension_functions.h */ = {isa = PBXFileReference; fileEncoding = 4; lastKnownFileType = sourcecode.c.h; path = sqlite3_extension_functions.h; sourceTree = "<group>"; };
		065D439C15C6D38700A38E86 /* UIColor_Categories.h */ = {isa = PBXFileReference; fileEncoding = 4; lastKnownFileType = sourcecode.c.h; path = UIColor_Categories.h; sourceTree = "<group>"; };
		065D439D15C6D38700A38E86 /* UIColor_Categories.m */ = {isa = PBXFileReference; fileEncoding = 4; lastKnownFileType = sourcecode.c.objc; path = UIColor_Categories.m; sourceTree = "<group>"; };
		0665C328160EEDAF00C9EFC5 /* pause.png */ = {isa = PBXFileReference; lastKnownFileType = image.png; path = pause.png; sourceTree = "<group>"; };
		0665C329160EEDAF00C9EFC5 /* play.png */ = {isa = PBXFileReference; lastKnownFileType = image.png; path = play.png; sourceTree = "<group>"; };
		0665C32E160EFAAC00C9EFC5 /* BaseDao.h */ = {isa = PBXFileReference; fileEncoding = 4; lastKnownFileType = sourcecode.c.h; name = BaseDao.h; path = Dao/BaseDao.h; sourceTree = "<group>"; };
		0665C32F160EFAAC00C9EFC5 /* BaseDao.m */ = {isa = PBXFileReference; fileEncoding = 4; lastKnownFileType = sourcecode.c.objc; name = BaseDao.m; path = Dao/BaseDao.m; sourceTree = "<group>"; };
		0665C331160F01AA00C9EFC5 /* TbColorName.h */ = {isa = PBXFileReference; fileEncoding = 4; lastKnownFileType = sourcecode.c.h; name = TbColorName.h; path = Dto/TbColorName.h; sourceTree = "<group>"; };
		0665C332160F01AA00C9EFC5 /* TbColorName.m */ = {isa = PBXFileReference; fileEncoding = 4; lastKnownFileType = sourcecode.c.objc; name = TbColorName.m; path = Dto/TbColorName.m; sourceTree = "<group>"; };
		0665C334160F044900C9EFC5 /* TbColorNameJaDao.h */ = {isa = PBXFileReference; fileEncoding = 4; lastKnownFileType = sourcecode.c.h; name = TbColorNameJaDao.h; path = Dao/TbColorNameJaDao.h; sourceTree = "<group>"; };
		0665C335160F044900C9EFC5 /* TbColorNameJaDao.m */ = {isa = PBXFileReference; fileEncoding = 4; lastKnownFileType = sourcecode.c.objc; name = TbColorNameJaDao.m; path = Dao/TbColorNameJaDao.m; sourceTree = "<group>"; };
		0681E74F168205010071C5B3 /* CoreData.framework */ = {isa = PBXFileReference; lastKnownFileType = wrapper.framework; name = CoreData.framework; path = System/Library/Frameworks/CoreData.framework; sourceTree = SDKROOT; };
		0681E750168205010071C5B3 /* SystemConfiguration.framework */ = {isa = PBXFileReference; lastKnownFileType = wrapper.framework; name = SystemConfiguration.framework; path = System/Library/Frameworks/SystemConfiguration.framework; sourceTree = SDKROOT; };
		06A3F683162174F200833A22 /* TbFavoriteColorNameDao.h */ = {isa = PBXFileReference; fileEncoding = 4; lastKnownFileType = sourcecode.c.h; name = TbFavoriteColorNameDao.h; path = Dao/TbFavoriteColorNameDao.h; sourceTree = "<group>"; };
		06A3F684162174F200833A22 /* TbFavoriteColorNameDao.m */ = {isa = PBXFileReference; fileEncoding = 4; lastKnownFileType = sourcecode.c.objc; name = TbFavoriteColorNameDao.m; path = Dao/TbFavoriteColorNameDao.m; sourceTree = "<group>"; };
		06A3F6861621A6A300833A22 /* FavoritesColorViewController.h */ = {isa = PBXFileReference; fileEncoding = 4; lastKnownFileType = sourcecode.c.h; path = FavoritesColorViewController.h; sourceTree = "<group>"; };
		06A3F6871621A6A400833A22 /* FavoritesColorViewController.m */ = {isa = PBXFileReference; fileEncoding = 4; lastKnownFileType = sourcecode.c.objc; path = FavoritesColorViewController.m; sourceTree = "<group>"; usesTabs = 0; };
		06A3F6891622738200833A22 /* TbColorNameEnDao.h */ = {isa = PBXFileReference; fileEncoding = 4; lastKnownFileType = sourcecode.c.h; name = TbColorNameEnDao.h; path = Dao/TbColorNameEnDao.h; sourceTree = "<group>"; };
		06A3F68A1622738200833A22 /* TbColorNameEnDao.m */ = {isa = PBXFileReference; fileEncoding = 4; lastKnownFileType = sourcecode.c.objc; name = TbColorNameEnDao.m; path = Dao/TbColorNameEnDao.m; sourceTree = "<group>"; };
		06A3F68C16227EDF00833A22 /* Settings.bundle */ = {isa = PBXFileReference; lastKnownFileType = "wrapper.plug-in"; path = Settings.bundle; sourceTree = "<group>"; };
		06A3F6931629A99200833A22 /* SVProgressHUD.bundle */ = {isa = PBXFileReference; lastKnownFileType = "wrapper.plug-in"; path = SVProgressHUD.bundle; sourceTree = "<group>"; };
		06A3F6941629A99200833A22 /* SVProgressHUD.h */ = {isa = PBXFileReference; fileEncoding = 4; lastKnownFileType = sourcecode.c.h; path = SVProgressHUD.h; sourceTree = "<group>"; };
		06A3F6951629A99200833A22 /* SVProgressHUD.m */ = {isa = PBXFileReference; fileEncoding = 4; lastKnownFileType = sourcecode.c.objc; path = SVProgressHUD.m; sourceTree = "<group>"; };
		06A3F73016340EE400833A22 /* WebViewViewController.h */ = {isa = PBXFileReference; fileEncoding = 4; lastKnownFileType = sourcecode.c.h; path = WebViewViewController.h; sourceTree = "<group>"; };
		06A3F73116340EE400833A22 /* WebViewViewController.m */ = {isa = PBXFileReference; fileEncoding = 4; lastKnownFileType = sourcecode.c.objc; path = WebViewViewController.m; sourceTree = "<group>"; };
		06C4000016F4A4A900EBD9C1 /* zh-Hans */ = {isa = PBXFileReference; lastKnownFileType = text.plist.strings; name = "zh-Hans"; path = "zh-Hans.lproj/AppiraterLocalizable.strings"; sourceTree = "<group>"; };
		06C4000116F4A4A900EBD9C1 /* zh-Hant */ = {isa = PBXFileReference; lastKnownFileType = text.plist.strings; name = "zh-Hant"; path = "zh-Hant.lproj/AppiraterLocalizable.strings"; sourceTree = "<group>"; };
		06C4000816F4B62400EBD9C1 /* LINEActivity.h */ = {isa = PBXFileReference; fileEncoding = 4; lastKnownFileType = sourcecode.c.h; path = LINEActivity.h; sourceTree = "<group>"; };
		06C4000916F4B62400EBD9C1 /* LINEActivity.m */ = {isa = PBXFileReference; fileEncoding = 4; lastKnownFileType = sourcecode.c.objc; path = LINEActivity.m; sourceTree = "<group>"; };
		06C4000A16F4B62400EBD9C1 /* LINEActivityIcon.png */ = {isa = PBXFileReference; lastKnownFileType = image.png; path = LINEActivityIcon.png; sourceTree = "<group>"; };
		06C4000B16F4B62400EBD9C1 /* LINEActivityIcon@2x.png */ = {isa = PBXFileReference; lastKnownFileType = image.png; path = "LINEActivityIcon@2x.png"; sourceTree = "<group>"; };
		06C4000C16F4B62400EBD9C1 /* LINEActivityIcon@2x~ipad.png */ = {isa = PBXFileReference; lastKnownFileType = image.png; path = "LINEActivityIcon@2x~ipad.png"; sourceTree = "<group>"; };
		06C4000D16F4B62400EBD9C1 /* LINEActivityIcon~ipad.png */ = {isa = PBXFileReference; lastKnownFileType = image.png; path = "LINEActivityIcon~ipad.png"; sourceTree = "<group>"; };
		06C4001316F4C7BE00EBD9C1 /* SimilarColorsViewController.h */ = {isa = PBXFileReference; fileEncoding = 4; lastKnownFileType = sourcecode.c.h; path = SimilarColorsViewController.h; sourceTree = "<group>"; };
		06C4001416F4C7BE00EBD9C1 /* SimilarColorsViewController.m */ = {isa = PBXFileReference; fileEncoding = 4; lastKnownFileType = sourcecode.c.objc; path = SimilarColorsViewController.m; sourceTree = "<group>"; };
		06C4001616F4C86200EBD9C1 /* DefaultColorTableViewController.h */ = {isa = PBXFileReference; fileEncoding = 4; lastKnownFileType = sourcecode.c.h; path = DefaultColorTableViewController.h; sourceTree = "<group>"; };
		06C4001716F4C86200EBD9C1 /* DefaultColorTableViewController.m */ = {isa = PBXFileReference; fileEncoding = 4; lastKnownFileType = sourcecode.c.objc; path = DefaultColorTableViewController.m; sourceTree = "<group>"; };
		06C4001916F4E15900EBD9C1 /* ShareSettingViewController.h */ = {isa = PBXFileReference; fileEncoding = 4; lastKnownFileType = sourcecode.c.h; path = ShareSettingViewController.h; sourceTree = "<group>"; };
		06C4001A16F4E15900EBD9C1 /* ShareSettingViewController.m */ = {isa = PBXFileReference; fileEncoding = 4; lastKnownFileType = sourcecode.c.objc; path = ShareSettingViewController.m; sourceTree = "<group>"; };
		06C4FFA216F46DD400EBD9C1 /* GAI.h */ = {isa = PBXFileReference; fileEncoding = 4; lastKnownFileType = sourcecode.c.h; path = GAI.h; sourceTree = "<group>"; };
		06C4FFA316F46DD400EBD9C1 /* GAITrackedViewController.h */ = {isa = PBXFileReference; fileEncoding = 4; lastKnownFileType = sourcecode.c.h; path = GAITrackedViewController.h; sourceTree = "<group>"; };
		06C4FFA416F46DD400EBD9C1 /* GAITracker.h */ = {isa = PBXFileReference; fileEncoding = 4; lastKnownFileType = sourcecode.c.h; path = GAITracker.h; sourceTree = "<group>"; };
		06C4FFA516F46DD400EBD9C1 /* GAITransaction.h */ = {isa = PBXFileReference; fileEncoding = 4; lastKnownFileType = sourcecode.c.h; path = GAITransaction.h; sourceTree = "<group>"; };
		06C4FFA616F46DD400EBD9C1 /* GAITransactionItem.h */ = {isa = PBXFileReference; fileEncoding = 4; lastKnownFileType = sourcecode.c.h; path = GAITransactionItem.h; sourceTree = "<group>"; };
		06C4FFA716F46DD400EBD9C1 /* libGoogleAnalytics.a */ = {isa = PBXFileReference; lastKnownFileType = archive.ar; path = libGoogleAnalytics.a; sourceTree = "<group>"; };
		06C4FFDC16F4706400EBD9C1 /* sample.png */ = {isa = PBXFileReference; lastKnownFileType = image.png; path = sample.png; sourceTree = "<group>"; };
		06C4FFDF16F49FFC00EBD9C1 /* StoreKit.framework */ = {isa = PBXFileReference; lastKnownFileType = wrapper.framework; name = StoreKit.framework; path = System/Library/Frameworks/StoreKit.framework; sourceTree = SDKROOT; };
		06C4FFE216F4A4A900EBD9C1 /* .gitignore */ = {isa = PBXFileReference; fileEncoding = 4; lastKnownFileType = text; path = .gitignore; sourceTree = "<group>"; };
		06C4FFE316F4A4A900EBD9C1 /* Appirater.h */ = {isa = PBXFileReference; fileEncoding = 4; lastKnownFileType = sourcecode.c.h; path = Appirater.h; sourceTree = "<group>"; };
		06C4FFE416F4A4A900EBD9C1 /* Appirater.m */ = {isa = PBXFileReference; fileEncoding = 4; lastKnownFileType = sourcecode.c.objc; path = Appirater.m; sourceTree = "<group>"; };
		06C4FFE516F4A4A900EBD9C1 /* Appirater.podspec */ = {isa = PBXFileReference; fileEncoding = 4; lastKnownFileType = text; path = Appirater.podspec; sourceTree = "<group>"; };
		06C4FFE616F4A4A900EBD9C1 /* AppiraterDelegate.h */ = {isa = PBXFileReference; fileEncoding = 4; lastKnownFileType = sourcecode.c.h; path = AppiraterDelegate.h; sourceTree = "<group>"; };
		06C4FFE816F4A4A900EBD9C1 /* ca */ = {isa = PBXFileReference; lastKnownFileType = text.plist.strings; name = ca; path = ca.lproj/AppiraterLocalizable.strings; sourceTree = "<group>"; };
		06C4FFE916F4A4A900EBD9C1 /* cs */ = {isa = PBXFileReference; lastKnownFileType = text.plist.strings; name = cs; path = cs.lproj/AppiraterLocalizable.strings; sourceTree = "<group>"; };
		06C4FFEA16F4A4A900EBD9C1 /* da */ = {isa = PBXFileReference; lastKnownFileType = text.plist.strings; name = da; path = da.lproj/AppiraterLocalizable.strings; sourceTree = "<group>"; };
		06C4FFEB16F4A4A900EBD9C1 /* de */ = {isa = PBXFileReference; lastKnownFileType = text.plist.strings; name = de; path = de.lproj/AppiraterLocalizable.strings; sourceTree = "<group>"; };
		06C4FFEC16F4A4A900EBD9C1 /* el */ = {isa = PBXFileReference; lastKnownFileType = text.plist.strings; name = el; path = el.lproj/AppiraterLocalizable.strings; sourceTree = "<group>"; };
		06C4FFED16F4A4A900EBD9C1 /* en */ = {isa = PBXFileReference; lastKnownFileType = text.plist.strings; name = en; path = en.lproj/AppiraterLocalizable.strings; sourceTree = "<group>"; };
		06C4FFEE16F4A4A900EBD9C1 /* es */ = {isa = PBXFileReference; lastKnownFileType = text.plist.strings; name = es; path = es.lproj/AppiraterLocalizable.strings; sourceTree = "<group>"; };
		06C4FFEF16F4A4A900EBD9C1 /* fi */ = {isa = PBXFileReference; lastKnownFileType = text.plist.strings; name = fi; path = fi.lproj/AppiraterLocalizable.strings; sourceTree = "<group>"; };
		06C4FFF016F4A4A900EBD9C1 /* fr */ = {isa = PBXFileReference; lastKnownFileType = text.plist.strings; name = fr; path = fr.lproj/AppiraterLocalizable.strings; sourceTree = "<group>"; };
		06C4FFF116F4A4A900EBD9C1 /* he */ = {isa = PBXFileReference; lastKnownFileType = text.plist.strings; name = he; path = he.lproj/AppiraterLocalizable.strings; sourceTree = "<group>"; };
		06C4FFF216F4A4A900EBD9C1 /* hu */ = {isa = PBXFileReference; lastKnownFileType = text.plist.strings; name = hu; path = hu.lproj/AppiraterLocalizable.strings; sourceTree = "<group>"; };
		06C4FFF316F4A4A900EBD9C1 /* it */ = {isa = PBXFileReference; lastKnownFileType = text.plist.strings; name = it; path = it.lproj/AppiraterLocalizable.strings; sourceTree = "<group>"; };
		06C4FFF416F4A4A900EBD9C1 /* ja */ = {isa = PBXFileReference; lastKnownFileType = text.plist.strings; name = ja; path = ja.lproj/AppiraterLocalizable.strings; sourceTree = "<group>"; };
		06C4FFF516F4A4A900EBD9C1 /* ko */ = {isa = PBXFileReference; lastKnownFileType = text.plist.strings; name = ko; path = ko.lproj/AppiraterLocalizable.strings; sourceTree = "<group>"; };
		06C4FFF616F4A4A900EBD9C1 /* nb */ = {isa = PBXFileReference; lastKnownFileType = text.plist.strings; name = nb; path = nb.lproj/AppiraterLocalizable.strings; sourceTree = "<group>"; };
		06C4FFF716F4A4A900EBD9C1 /* nl */ = {isa = PBXFileReference; lastKnownFileType = text.plist.strings; name = nl; path = nl.lproj/AppiraterLocalizable.strings; sourceTree = "<group>"; };
		06C4FFF816F4A4A900EBD9C1 /* pl */ = {isa = PBXFileReference; lastKnownFileType = text.plist.strings; name = pl; path = pl.lproj/AppiraterLocalizable.strings; sourceTree = "<group>"; };
		06C4FFF916F4A4A900EBD9C1 /* pt */ = {isa = PBXFileReference; lastKnownFileType = text.plist.strings; name = pt; path = pt.lproj/AppiraterLocalizable.strings; sourceTree = "<group>"; };
		06C4FFFA16F4A4A900EBD9C1 /* README.md */ = {isa = PBXFileReference; fileEncoding = 4; lastKnownFileType = text; path = README.md; sourceTree = "<group>"; };
		06C4FFFB16F4A4A900EBD9C1 /* ro */ = {isa = PBXFileReference; lastKnownFileType = text.plist.strings; name = ro; path = ro.lproj/AppiraterLocalizable.strings; sourceTree = "<group>"; };
		06C4FFFC16F4A4A900EBD9C1 /* ru */ = {isa = PBXFileReference; lastKnownFileType = text.plist.strings; name = ru; path = ru.lproj/AppiraterLocalizable.strings; sourceTree = "<group>"; };
		06C4FFFD16F4A4A900EBD9C1 /* sk */ = {isa = PBXFileReference; lastKnownFileType = text.plist.strings; name = sk; path = sk.lproj/AppiraterLocalizable.strings; sourceTree = "<group>"; };
		06C4FFFE16F4A4A900EBD9C1 /* sv */ = {isa = PBXFileReference; lastKnownFileType = text.plist.strings; name = sv; path = sv.lproj/AppiraterLocalizable.strings; sourceTree = "<group>"; };
		06C4FFFF16F4A4A900EBD9C1 /* tr */ = {isa = PBXFileReference; lastKnownFileType = text.plist.strings; name = tr; path = tr.lproj/AppiraterLocalizable.strings; sourceTree = "<group>"; };
		06C660AD16650567003CC7C2 /* ja */ = {isa = PBXFileReference; lastKnownFileType = text.plist.strings; name = ja; path = ColorName/ja.lproj/Localizable.strings; sourceTree = SOURCE_ROOT; };
		06C660B016650578003CC7C2 /* en */ = {isa = PBXFileReference; lastKnownFileType = text.plist.strings; name = en; path = ColorName/en.lproj/Localizable.strings; sourceTree = SOURCE_ROOT; };
		06C660B2166506A7003CC7C2 /* third_party_notices.html */ = {isa = PBXFileReference; fileEncoding = 4; lastKnownFileType = text.html; path = third_party_notices.html; sourceTree = SOURCE_ROOT; };
		06C660B4166506C9003CC7C2 /* ThirdPartyNoticesViewController.h */ = {isa = PBXFileReference; fileEncoding = 4; lastKnownFileType = sourcecode.c.h; path = ThirdPartyNoticesViewController.h; sourceTree = "<group>"; };
		06C660B5166506CA003CC7C2 /* ThirdPartyNoticesViewController.m */ = {isa = PBXFileReference; fileEncoding = 4; lastKnownFileType = sourcecode.c.objc; path = ThirdPartyNoticesViewController.m; sourceTree = "<group>"; };
		06C660B716650B4E003CC7C2 /* FlipFromLeftSegue.h */ = {isa = PBXFileReference; fileEncoding = 4; lastKnownFileType = sourcecode.c.h; path = FlipFromLeftSegue.h; sourceTree = "<group>"; };
		06C660B816650B4E003CC7C2 /* FlipFromLeftSegue.m */ = {isa = PBXFileReference; fileEncoding = 4; lastKnownFileType = sourcecode.c.objc; path = FlipFromLeftSegue.m; sourceTree = "<group>"; };
		06C660D316666590003CC7C2 /* QuartzCore.framework */ = {isa = PBXFileReference; lastKnownFileType = wrapper.framework; name = QuartzCore.framework; path = System/Library/Frameworks/QuartzCore.framework; sourceTree = SDKROOT; };
		06C660D91666693E003CC7C2 /* AboutViewController.h */ = {isa = PBXFileReference; fileEncoding = 4; lastKnownFileType = sourcecode.c.h; path = AboutViewController.h; sourceTree = "<group>"; };
		06C660DA1666693F003CC7C2 /* AboutViewController.m */ = {isa = PBXFileReference; fileEncoding = 4; lastKnownFileType = sourcecode.c.objc; path = AboutViewController.m; sourceTree = "<group>"; };
		06C660E01666771C003CC7C2 /* FlipFromRightSegue.h */ = {isa = PBXFileReference; fileEncoding = 4; lastKnownFileType = sourcecode.c.h; path = FlipFromRightSegue.h; sourceTree = "<group>"; };
		06C660E11666771C003CC7C2 /* FlipFromRightSegue.m */ = {isa = PBXFileReference; fileEncoding = 4; lastKnownFileType = sourcecode.c.objc; path = FlipFromRightSegue.m; sourceTree = "<group>"; };
		06D7950516500069004396FB /* Default-568h@2x.png */ = {isa = PBXFileReference; lastKnownFileType = image.png; path = "Default-568h@2x.png"; sourceTree = "<group>"; };
		06D79507165F3074004396FB /* AuthViewController.h */ = {isa = PBXFileReference; fileEncoding = 4; lastKnownFileType = sourcecode.c.h; path = AuthViewController.h; sourceTree = "<group>"; };
		06D79508165F3074004396FB /* AuthViewController.m */ = {isa = PBXFileReference; fileEncoding = 4; lastKnownFileType = sourcecode.c.objc; path = AuthViewController.m; sourceTree = "<group>"; };
		06D7950A165F32A3004396FB /* UserPageViewController.h */ = {isa = PBXFileReference; fileEncoding = 4; lastKnownFileType = sourcecode.c.h; path = UserPageViewController.h; sourceTree = "<group>"; };
		06D7950B165F32A3004396FB /* UserPageViewController.m */ = {isa = PBXFileReference; fileEncoding = 4; lastKnownFileType = sourcecode.c.objc; path = UserPageViewController.m; sourceTree = "<group>"; };
		06D79517165F4EE4004396FB /* Accounts.framework */ = {isa = PBXFileReference; lastKnownFileType = wrapper.framework; name = Accounts.framework; path = System/Library/Frameworks/Accounts.framework; sourceTree = SDKROOT; };
		06D79518165F4EE4004396FB /* Social.framework */ = {isa = PBXFileReference; lastKnownFileType = wrapper.framework; name = Social.framework; path = System/Library/Frameworks/Social.framework; sourceTree = SDKROOT; };
		06D7951C1661FF12004396FB /* ColorNameService.h */ = {isa = PBXFileReference; fileEncoding = 4; lastKnownFileType = sourcecode.c.h; name = ColorNameService.h; path = Service/ColorNameService.h; sourceTree = "<group>"; };
		06D7951D1661FF12004396FB /* ColorNameService.m */ = {isa = PBXFileReference; fileEncoding = 4; lastKnownFileType = sourcecode.c.objc; name = ColorNameService.m; path = Service/ColorNameService.m; sourceTree = "<group>"; };
		06EC7CAE162155F5002F1B8F /* ColorDetailsViewController.h */ = {isa = PBXFileReference; fileEncoding = 4; lastKnownFileType = sourcecode.c.h; path = ColorDetailsViewController.h; sourceTree = "<group>"; };
		06EC7CAF162155F5002F1B8F /* ColorDetailsViewController.m */ = {isa = PBXFileReference; fileEncoding = 4; lastKnownFileType = sourcecode.c.objc; path = ColorDetailsViewController.m; sourceTree = "<group>"; };
		6577011F15CA0FBB00A36A85 /* icon.png */ = {isa = PBXFileReference; lastKnownFileType = image.png; path = icon.png; sourceTree = "<group>"; };
		6577012115CA0FC000A36A85 /* icon@2x.png */ = {isa = PBXFileReference; lastKnownFileType = image.png; path = "icon@2x.png"; sourceTree = "<group>"; };
/* End PBXFileReference section */

/* Begin PBXFrameworksBuildPhase section */
		065D433115C0301500A38E86 /* Frameworks */ = {
			isa = PBXFrameworksBuildPhase;
			buildActionMask = 2147483647;
			files = (
				06C660D5166665AD003CC7C2 /* QuartzCore.framework in Frameworks */,
				065D433915C0301500A38E86 /* UIKit.framework in Frameworks */,
				065D433B15C0301500A38E86 /* Foundation.framework in Frameworks */,
				065D433D15C0301500A38E86 /* CoreGraphics.framework in Frameworks */,
				0629B4AC15C6D58300397737 /* AVFoundation.framework in Frameworks */,
				0629B4AD15C6D58300397737 /* CoreMedia.framework in Frameworks */,
				0629B4AE15C6D58300397737 /* CoreVideo.framework in Frameworks */,
				0629B4B015C6D5A300397737 /* libsqlite3.0.dylib in Frameworks */,
				06D79519165F4EE4004396FB /* Accounts.framework in Frameworks */,
				06D7951A165F4EE4004396FB /* Social.framework in Frameworks */,
				0681E751168205010071C5B3 /* CoreData.framework in Frameworks */,
				0681E752168205010071C5B3 /* SystemConfiguration.framework in Frameworks */,
				06C4FFD616F46DD400EBD9C1 /* libGoogleAnalytics.a in Frameworks */,
				06C4FFE016F49FFC00EBD9C1 /* StoreKit.framework in Frameworks */,
			);
			runOnlyForDeploymentPostprocessing = 0;
		};
		065D435415C0301500A38E86 /* Frameworks */ = {
			isa = PBXFrameworksBuildPhase;
			buildActionMask = 2147483647;
			files = (
				6577011515CA0D3600A36A85 /* CoreGraphics.framework in Frameworks */,
				6577011415CA0D1E00A36A85 /* AVFoundation.framework in Frameworks */,
				6577011315CA0D0D00A36A85 /* libsqlite3.0.dylib in Frameworks */,
				6577011115CA0D0500A36A85 /* CoreMedia.framework in Frameworks */,
				6577011215CA0D0500A36A85 /* CoreVideo.framework in Frameworks */,
				065D435A15C0301500A38E86 /* SenTestingKit.framework in Frameworks */,
				065D435B15C0301500A38E86 /* UIKit.framework in Frameworks */,
				065D435C15C0301500A38E86 /* Foundation.framework in Frameworks */,
				06C660D416666590003CC7C2 /* QuartzCore.framework in Frameworks */,
			);
			runOnlyForDeploymentPostprocessing = 0;
		};
/* End PBXFrameworksBuildPhase section */

/* Begin PBXGroup section */
		065D432915C0301400A38E86 = {
			isa = PBXGroup;
			children = (
				06D7950516500069004396FB /* Default-568h@2x.png */,
				6577012115CA0FC000A36A85 /* icon@2x.png */,
				6577011F15CA0FBB00A36A85 /* icon.png */,
				065D433E15C0301500A38E86 /* ColorName */,
				065D435F15C0301500A38E86 /* ColorNameTests */,
				065D433715C0301500A38E86 /* Frameworks */,
				065D439515C6D34700A38E86 /* Resources */,
				065D433515C0301500A38E86 /* Products */,
			);
			sourceTree = "<group>";
		};
		065D433515C0301500A38E86 /* Products */ = {
			isa = PBXGroup;
			children = (
				065D433415C0301500A38E86 /* ColorName.app */,
				065D435815C0301500A38E86 /* ColorNameTests.octest */,
			);
			name = Products;
			sourceTree = "<group>";
		};
		065D433715C0301500A38E86 /* Frameworks */ = {
			isa = PBXGroup;
			children = (
				06C4000716F4B62400EBD9C1 /* LINEActivity */,
				06C4FFE116F4A4A900EBD9C1 /* appirater */,
				06C4FF6216F46DD400EBD9C1 /* GoogleAnalyticsiOS_2.0beta4 */,
				0629B4AF15C6D5A300397737 /* libsqlite3.0.dylib */,
				06C4FFDF16F49FFC00EBD9C1 /* StoreKit.framework */,
				0681E74F168205010071C5B3 /* CoreData.framework */,
				0681E750168205010071C5B3 /* SystemConfiguration.framework */,
				06C660D316666590003CC7C2 /* QuartzCore.framework */,
				06D79517165F4EE4004396FB /* Accounts.framework */,
				06D79518165F4EE4004396FB /* Social.framework */,
				0629B4A915C6D58300397737 /* AVFoundation.framework */,
				0629B4AA15C6D58300397737 /* CoreMedia.framework */,
				0629B4AB15C6D58300397737 /* CoreVideo.framework */,
				065D433815C0301500A38E86 /* UIKit.framework */,
				065D433A15C0301500A38E86 /* Foundation.framework */,
				065D433C15C0301500A38E86 /* CoreGraphics.framework */,
				065D435915C0301500A38E86 /* SenTestingKit.framework */,
			);
			name = Frameworks;
			sourceTree = "<group>";
		};
		065D433E15C0301500A38E86 /* ColorName */ = {
			isa = PBXGroup;
			children = (
				06C660EC166794FE003CC7C2 /* Cell */,
				065D437015C6D33D00A38E86 /* Libraries */,
				065D434715C0301500A38E86 /* AppDelegate.h */,
				065D434815C0301500A38E86 /* AppDelegate.m */,
				065D434A15C0301500A38E86 /* MainStoryboard.storyboard */,
				065D434D15C0301500A38E86 /* MasterViewController.h */,
				065D434E15C0301500A38E86 /* MasterViewController.m */,
				06EC7CAE162155F5002F1B8F /* ColorDetailsViewController.h */,
				06EC7CAF162155F5002F1B8F /* ColorDetailsViewController.m */,
				06A3F6861621A6A300833A22 /* FavoritesColorViewController.h */,
				06A3F6871621A6A400833A22 /* FavoritesColorViewController.m */,
				06A3F73016340EE400833A22 /* WebViewViewController.h */,
				06A3F73116340EE400833A22 /* WebViewViewController.m */,
				06D79507165F3074004396FB /* AuthViewController.h */,
				06D79508165F3074004396FB /* AuthViewController.m */,
				06D7950A165F32A3004396FB /* UserPageViewController.h */,
				06D7950B165F32A3004396FB /* UserPageViewController.m */,
				06C660B4166506C9003CC7C2 /* ThirdPartyNoticesViewController.h */,
				06C660B5166506CA003CC7C2 /* ThirdPartyNoticesViewController.m */,
				06C660D91666693E003CC7C2 /* AboutViewController.h */,
				06C660DA1666693F003CC7C2 /* AboutViewController.m */,
				0639A6C2167DFA2F00DB78B5 /* LanguageSettingViewController.h */,
				0639A6C3167DFA2F00DB78B5 /* LanguageSettingViewController.m */,
				06C4001316F4C7BE00EBD9C1 /* SimilarColorsViewController.h */,
				06C4001416F4C7BE00EBD9C1 /* SimilarColorsViewController.m */,
				06C4001616F4C86200EBD9C1 /* DefaultColorTableViewController.h */,
				06C4001716F4C86200EBD9C1 /* DefaultColorTableViewController.m */,
				06C4001916F4E15900EBD9C1 /* ShareSettingViewController.h */,
				06C4001A16F4E15900EBD9C1 /* ShareSettingViewController.m */,
				065D433F15C0301500A38E86 /* Supporting Files */,
			);
			path = ColorName;
			sourceTree = "<group>";
		};
		065D433F15C0301500A38E86 /* Supporting Files */ = {
			isa = PBXGroup;
			children = (
				065D434015C0301500A38E86 /* ColorName-Info.plist */,
				065D434115C0301500A38E86 /* InfoPlist.strings */,
				065D434415C0301500A38E86 /* main.m */,
				065D434615C0301500A38E86 /* ColorName-Prefix.pch */,
			);
			name = "Supporting Files";
			sourceTree = "<group>";
		};
		065D435F15C0301500A38E86 /* ColorNameTests */ = {
			isa = PBXGroup;
			children = (
				065D436515C0301500A38E86 /* ColorNameTests.h */,
				065D436615C0301500A38E86 /* ColorNameTests.m */,
				065D436015C0301500A38E86 /* Supporting Files */,
			);
			path = ColorNameTests;
			sourceTree = "<group>";
		};
		065D436015C0301500A38E86 /* Supporting Files */ = {
			isa = PBXGroup;
			children = (
				065D436115C0301500A38E86 /* ColorNameTests-Info.plist */,
				065D436215C0301500A38E86 /* InfoPlist.strings */,
			);
			name = "Supporting Files";
			sourceTree = "<group>";
		};
		065D437015C6D33D00A38E86 /* Libraries */ = {
			isa = PBXGroup;
			children = (
				06D7951B1661FEE3004396FB /* Service */,
				06A3F6921629A99200833A22 /* SVProgressHUD */,
				0665C32D160EFA5E00C9EFC5 /* Dto */,
				0665C32C160EFA5700C9EFC5 /* Dao */,
				065D437115C6D33D00A38E86 /* FMDB */,
				065D437C15C6D33D00A38E86 /* JSON */,
				065D439A15C6D38700A38E86 /* sqlite3_extension_functions.c */,
				065D439B15C6D38700A38E86 /* sqlite3_extension_functions.h */,
				065D439C15C6D38700A38E86 /* UIColor_Categories.h */,
				065D439D15C6D38700A38E86 /* UIColor_Categories.m */,
				06C660B716650B4E003CC7C2 /* FlipFromLeftSegue.h */,
				06C660B816650B4E003CC7C2 /* FlipFromLeftSegue.m */,
				06C660E01666771C003CC7C2 /* FlipFromRightSegue.h */,
				06C660E11666771C003CC7C2 /* FlipFromRightSegue.m */,
			);
			path = Libraries;
			sourceTree = "<group>";
		};
		065D437115C6D33D00A38E86 /* FMDB */ = {
			isa = PBXGroup;
			children = (
				065D437215C6D33D00A38E86 /* FMDatabase.h */,
				065D437315C6D33D00A38E86 /* FMDatabase.m */,
				065D437415C6D33D00A38E86 /* FMDatabaseAdditions.h */,
				065D437515C6D33D00A38E86 /* FMDatabaseAdditions.m */,
				065D437615C6D33D00A38E86 /* FMDatabasePool.h */,
				065D437715C6D33D00A38E86 /* FMDatabasePool.m */,
				065D437815C6D33D00A38E86 /* FMDatabaseQueue.h */,
				065D437915C6D33D00A38E86 /* FMDatabaseQueue.m */,
				065D437A15C6D33D00A38E86 /* FMResultSet.h */,
				065D437B15C6D33D00A38E86 /* FMResultSet.m */,
			);
			path = FMDB;
			sourceTree = "<group>";
		};
		065D437C15C6D33D00A38E86 /* JSON */ = {
			isa = PBXGroup;
			children = (
				065D437D15C6D33D00A38E86 /* JSON.h */,
				065D437E15C6D33D00A38E86 /* NSObject+SBJSON.h */,
				065D437F15C6D33D00A38E86 /* NSObject+SBJSON.m */,
				065D438015C6D33D00A38E86 /* NSString+SBJSON.h */,
				065D438115C6D33D00A38E86 /* NSString+SBJSON.m */,
				065D438215C6D33D00A38E86 /* SBJSON.h */,
				065D438315C6D33D00A38E86 /* SBJSON.m */,
				065D438415C6D33D00A38E86 /* SBJsonBase.h */,
				065D438515C6D33D00A38E86 /* SBJsonBase.m */,
				065D438615C6D33D00A38E86 /* SBJsonParser.h */,
				065D438715C6D33D00A38E86 /* SBJsonParser.m */,
				065D438815C6D33D00A38E86 /* SBJsonWriter.h */,
				065D438915C6D33D00A38E86 /* SBJsonWriter.m */,
			);
			path = JSON;
			sourceTree = "<group>";
		};
		065D439515C6D34700A38E86 /* Resources */ = {
			isa = PBXGroup;
			children = (
				06C660AB16650558003CC7C2 /* ja.lproj */,
				06C660AA1665054D003CC7C2 /* en.lproj */,
				0665C327160EEDAF00C9EFC5 /* images */,
				065D439615C6D34700A38E86 /* color_names_ja.json */,
				065D439715C6D34700A38E86 /* color_names_us.json */,
				06C660B2166506A7003CC7C2 /* third_party_notices.html */,
				06A3F68C16227EDF00833A22 /* Settings.bundle */,
			);
			name = Resources;
			path = ColorName/Resources;
			sourceTree = "<group>";
		};
		0665C327160EEDAF00C9EFC5 /* images */ = {
			isa = PBXGroup;
			children = (
				06C4FFDC16F4706400EBD9C1 /* sample.png */,
				0665C328160EEDAF00C9EFC5 /* pause.png */,
				0665C329160EEDAF00C9EFC5 /* play.png */,
			);
			path = images;
			sourceTree = "<group>";
		};
		0665C32C160EFA5700C9EFC5 /* Dao */ = {
			isa = PBXGroup;
			children = (
				0665C32E160EFAAC00C9EFC5 /* BaseDao.h */,
				0665C32F160EFAAC00C9EFC5 /* BaseDao.m */,
				0665C334160F044900C9EFC5 /* TbColorNameJaDao.h */,
				0665C335160F044900C9EFC5 /* TbColorNameJaDao.m */,
				06A3F6891622738200833A22 /* TbColorNameEnDao.h */,
				06A3F68A1622738200833A22 /* TbColorNameEnDao.m */,
				06A3F683162174F200833A22 /* TbFavoriteColorNameDao.h */,
				06A3F684162174F200833A22 /* TbFavoriteColorNameDao.m */,
			);
			name = Dao;
			sourceTree = "<group>";
		};
		0665C32D160EFA5E00C9EFC5 /* Dto */ = {
			isa = PBXGroup;
			children = (
				0665C331160F01AA00C9EFC5 /* TbColorName.h */,
				0665C332160F01AA00C9EFC5 /* TbColorName.m */,
			);
			name = Dto;
			sourceTree = "<group>";
		};
		06A3F6921629A99200833A22 /* SVProgressHUD */ = {
			isa = PBXGroup;
			children = (
				06A3F6931629A99200833A22 /* SVProgressHUD.bundle */,
				06A3F6941629A99200833A22 /* SVProgressHUD.h */,
				06A3F6951629A99200833A22 /* SVProgressHUD.m */,
			);
			path = SVProgressHUD;
			sourceTree = "<group>";
		};
		06C4000716F4B62400EBD9C1 /* LINEActivity */ = {
			isa = PBXGroup;
			children = (
				06C4000816F4B62400EBD9C1 /* LINEActivity.h */,
				06C4000916F4B62400EBD9C1 /* LINEActivity.m */,
				06C4000A16F4B62400EBD9C1 /* LINEActivityIcon.png */,
				06C4000B16F4B62400EBD9C1 /* LINEActivityIcon@2x.png */,
				06C4000C16F4B62400EBD9C1 /* LINEActivityIcon@2x~ipad.png */,
				06C4000D16F4B62400EBD9C1 /* LINEActivityIcon~ipad.png */,
			);
			name = LINEActivity;
			path = LineActivity/LINEActivity;
			sourceTree = "<group>";
		};
		06C4FF6216F46DD400EBD9C1 /* GoogleAnalyticsiOS_2.0beta4 */ = {
			isa = PBXGroup;
			children = (
				06C4FFA116F46DD400EBD9C1 /* Library */,
			);
			path = GoogleAnalyticsiOS_2.0beta4;
			sourceTree = "<group>";
		};
		06C4FFA116F46DD400EBD9C1 /* Library */ = {
			isa = PBXGroup;
			children = (
				06C4FFA216F46DD400EBD9C1 /* GAI.h */,
				06C4FFA316F46DD400EBD9C1 /* GAITrackedViewController.h */,
				06C4FFA416F46DD400EBD9C1 /* GAITracker.h */,
				06C4FFA516F46DD400EBD9C1 /* GAITransaction.h */,
				06C4FFA616F46DD400EBD9C1 /* GAITransactionItem.h */,
				06C4FFA716F46DD400EBD9C1 /* libGoogleAnalytics.a */,
			);
			path = Library;
			sourceTree = "<group>";
		};
		06C4FFE116F4A4A900EBD9C1 /* appirater */ = {
			isa = PBXGroup;
			children = (
				06C4FFE216F4A4A900EBD9C1 /* .gitignore */,
				06C4FFE316F4A4A900EBD9C1 /* Appirater.h */,
				06C4FFE416F4A4A900EBD9C1 /* Appirater.m */,
				06C4FFE516F4A4A900EBD9C1 /* Appirater.podspec */,
				06C4FFE616F4A4A900EBD9C1 /* AppiraterDelegate.h */,
				06C4FFE716F4A4A900EBD9C1 /* AppiraterLocalizable.strings */,
				06C4FFFA16F4A4A900EBD9C1 /* README.md */,
			);
			path = appirater;
			sourceTree = "<group>";
		};
		06C660AA1665054D003CC7C2 /* en.lproj */ = {
			isa = PBXGroup;
			children = (
				06C660AF16650578003CC7C2 /* Localizable.strings */,
			);
			name = en.lproj;
			sourceTree = "<group>";
		};
		06C660AB16650558003CC7C2 /* ja.lproj */ = {
			isa = PBXGroup;
			children = (
				06C660AC16650567003CC7C2 /* Localizable.strings */,
			);
			name = ja.lproj;
			sourceTree = "<group>";
		};
		06C660EC166794FE003CC7C2 /* Cell */ = {
			isa = PBXGroup;
			children = (
				0629B4B115C6E84B00397737 /* ColorListCell.h */,
				0629B4B215C6E84B00397737 /* ColorListCell.m */,
			);
			name = Cell;
			sourceTree = "<group>";
		};
		06D7951B1661FEE3004396FB /* Service */ = {
			isa = PBXGroup;
			children = (
				06D7951C1661FF12004396FB /* ColorNameService.h */,
				06D7951D1661FF12004396FB /* ColorNameService.m */,
			);
			name = Service;
			sourceTree = "<group>";
		};
/* End PBXGroup section */

/* Begin PBXNativeTarget section */
		065D433315C0301500A38E86 /* ColorName */ = {
			isa = PBXNativeTarget;
			buildConfigurationList = 065D436A15C0301500A38E86 /* Build configuration list for PBXNativeTarget "ColorName" */;
			buildPhases = (
				065D433015C0301500A38E86 /* Sources */,
				065D433115C0301500A38E86 /* Frameworks */,
				065D433215C0301500A38E86 /* Resources */,
			);
			buildRules = (
			);
			dependencies = (
			);
			name = ColorName;
			productName = ColorName;
			productReference = 065D433415C0301500A38E86 /* ColorName.app */;
			productType = "com.apple.product-type.application";
		};
		065D435715C0301500A38E86 /* ColorNameTests */ = {
			isa = PBXNativeTarget;
			buildConfigurationList = 065D436D15C0301500A38E86 /* Build configuration list for PBXNativeTarget "ColorNameTests" */;
			buildPhases = (
				065D435315C0301500A38E86 /* Sources */,
				065D435415C0301500A38E86 /* Frameworks */,
				065D435515C0301500A38E86 /* Resources */,
				065D435615C0301500A38E86 /* ShellScript */,
			);
			buildRules = (
			);
			dependencies = (
				065D435E15C0301500A38E86 /* PBXTargetDependency */,
			);
			name = ColorNameTests;
			productName = ColorNameTests;
			productReference = 065D435815C0301500A38E86 /* ColorNameTests.octest */;
			productType = "com.apple.product-type.bundle";
		};
/* End PBXNativeTarget section */

/* Begin PBXProject section */
		065D432B15C0301400A38E86 /* Project object */ = {
			isa = PBXProject;
			attributes = {
				LastUpgradeCheck = 0430;
				ORGANIZATIONNAME = atrac613.io;
			};
			buildConfigurationList = 065D432E15C0301400A38E86 /* Build configuration list for PBXProject "ColorName" */;
			compatibilityVersion = "Xcode 3.2";
			developmentRegion = English;
			hasScannedForEncodings = 0;
			knownRegions = (
				en,
				ja,
				ca,
				cs,
				da,
				de,
				el,
				es,
				fi,
				fr,
				he,
				hu,
				it,
				ko,
				nb,
				nl,
				pl,
				pt,
				ro,
				ru,
				sk,
				sv,
				tr,
				"zh-Hans",
				"zh-Hant",
			);
			mainGroup = 065D432915C0301400A38E86;
			productRefGroup = 065D433515C0301500A38E86 /* Products */;
			projectDirPath = "";
			projectRoot = "";
			targets = (
				065D433315C0301500A38E86 /* ColorName */,
				065D435715C0301500A38E86 /* ColorNameTests */,
			);
		};
/* End PBXProject section */

/* Begin PBXResourcesBuildPhase section */
		065D433215C0301500A38E86 /* Resources */ = {
			isa = PBXResourcesBuildPhase;
			buildActionMask = 2147483647;
			files = (
				065D434315C0301500A38E86 /* InfoPlist.strings in Resources */,
				065D434C15C0301500A38E86 /* MainStoryboard.storyboard in Resources */,
				065D439815C6D34700A38E86 /* color_names_ja.json in Resources */,
				065D439915C6D34700A38E86 /* color_names_us.json in Resources */,
				6577012015CA0FBB00A36A85 /* icon.png in Resources */,
				6577012215CA0FC000A36A85 /* icon@2x.png in Resources */,
				0665C32A160EEDAF00C9EFC5 /* pause.png in Resources */,
				0665C32B160EEDAF00C9EFC5 /* play.png in Resources */,
				06A3F68D16227EDF00833A22 /* Settings.bundle in Resources */,
				06A3F6961629A99200833A22 /* SVProgressHUD.bundle in Resources */,
				06D7950616500069004396FB /* Default-568h@2x.png in Resources */,
				06C660AE16650567003CC7C2 /* Localizable.strings in Resources */,
				06C660B116650578003CC7C2 /* Localizable.strings in Resources */,
				06C660B3166506A7003CC7C2 /* third_party_notices.html in Resources */,
				06C4FFDD16F4706400EBD9C1 /* sample.png in Resources */,
				06C4000216F4A4A900EBD9C1 /* .gitignore in Resources */,
				06C4000416F4A4A900EBD9C1 /* Appirater.podspec in Resources */,
				06C4000516F4A4A900EBD9C1 /* AppiraterLocalizable.strings in Resources */,
				06C4000616F4A4A900EBD9C1 /* README.md in Resources */,
				06C4000F16F4B62400EBD9C1 /* LINEActivityIcon.png in Resources */,
				06C4001016F4B62400EBD9C1 /* LINEActivityIcon@2x.png in Resources */,
				06C4001116F4B62400EBD9C1 /* LINEActivityIcon@2x~ipad.png in Resources */,
				06C4001216F4B62400EBD9C1 /* LINEActivityIcon~ipad.png in Resources */,
			);
			runOnlyForDeploymentPostprocessing = 0;
		};
		065D435515C0301500A38E86 /* Resources */ = {
			isa = PBXResourcesBuildPhase;
			buildActionMask = 2147483647;
			files = (
				065D436415C0301500A38E86 /* InfoPlist.strings in Resources */,
			);
			runOnlyForDeploymentPostprocessing = 0;
		};
/* End PBXResourcesBuildPhase section */

/* Begin PBXShellScriptBuildPhase section */
		065D435615C0301500A38E86 /* ShellScript */ = {
			isa = PBXShellScriptBuildPhase;
			buildActionMask = 2147483647;
			files = (
			);
			inputPaths = (
			);
			outputPaths = (
			);
			runOnlyForDeploymentPostprocessing = 0;
			shellPath = /bin/sh;
			shellScript = "# Run the unit tests in this test bundle.\n\"${SYSTEM_DEVELOPER_DIR}/Tools/RunUnitTests\"\n";
		};
/* End PBXShellScriptBuildPhase section */

/* Begin PBXSourcesBuildPhase section */
		065D433015C0301500A38E86 /* Sources */ = {
			isa = PBXSourcesBuildPhase;
			buildActionMask = 2147483647;
			files = (
				0629B49C15C6D42700397737 /* sqlite3_extension_functions.c in Sources */,
				0629B49D15C6D42700397737 /* UIColor_Categories.m in Sources */,
				065D434515C0301500A38E86 /* main.m in Sources */,
				065D434915C0301500A38E86 /* AppDelegate.m in Sources */,
				065D434F15C0301500A38E86 /* MasterViewController.m in Sources */,
				065D438A15C6D33D00A38E86 /* FMDatabase.m in Sources */,
				065D438B15C6D33D00A38E86 /* FMDatabaseAdditions.m in Sources */,
				065D438C15C6D33D00A38E86 /* FMDatabasePool.m in Sources */,
				065D438D15C6D33D00A38E86 /* FMDatabaseQueue.m in Sources */,
				065D438E15C6D33D00A38E86 /* FMResultSet.m in Sources */,
				065D438F15C6D33D00A38E86 /* NSObject+SBJSON.m in Sources */,
				065D439015C6D33D00A38E86 /* NSString+SBJSON.m in Sources */,
				065D439115C6D33D00A38E86 /* SBJSON.m in Sources */,
				065D439215C6D33D00A38E86 /* SBJsonBase.m in Sources */,
				065D439315C6D33D00A38E86 /* SBJsonParser.m in Sources */,
				065D439415C6D33D00A38E86 /* SBJsonWriter.m in Sources */,
				0629B4B315C6E84B00397737 /* ColorListCell.m in Sources */,
				0665C330160EFAAC00C9EFC5 /* BaseDao.m in Sources */,
				0665C333160F01AA00C9EFC5 /* TbColorName.m in Sources */,
				0665C336160F044900C9EFC5 /* TbColorNameJaDao.m in Sources */,
				06EC7CB0162155F5002F1B8F /* ColorDetailsViewController.m in Sources */,
				06A3F685162174F200833A22 /* TbFavoriteColorNameDao.m in Sources */,
				06A3F6881621A6A400833A22 /* FavoritesColorViewController.m in Sources */,
				06A3F68B1622738200833A22 /* TbColorNameEnDao.m in Sources */,
				06A3F6971629A99200833A22 /* SVProgressHUD.m in Sources */,
				06A3F73216340EE400833A22 /* WebViewViewController.m in Sources */,
				06D79509165F3074004396FB /* AuthViewController.m in Sources */,
				06D7950C165F32A3004396FB /* UserPageViewController.m in Sources */,
				06D7951E1661FF12004396FB /* ColorNameService.m in Sources */,
				06C660B6166506CA003CC7C2 /* ThirdPartyNoticesViewController.m in Sources */,
				06C660B916650B4E003CC7C2 /* FlipFromLeftSegue.m in Sources */,
				06C660DB1666693F003CC7C2 /* AboutViewController.m in Sources */,
				06C660E21666771D003CC7C2 /* FlipFromRightSegue.m in Sources */,
				0639A6C4167DFA2F00DB78B5 /* LanguageSettingViewController.m in Sources */,
				06C4000316F4A4A900EBD9C1 /* Appirater.m in Sources */,
				06C4000E16F4B62400EBD9C1 /* LINEActivity.m in Sources */,
				06C4001516F4C7BE00EBD9C1 /* SimilarColorsViewController.m in Sources */,
				06C4001816F4C86200EBD9C1 /* DefaultColorTableViewController.m in Sources */,
				06C4001B16F4E15A00EBD9C1 /* ShareSettingViewController.m in Sources */,
			);
			runOnlyForDeploymentPostprocessing = 0;
		};
		065D435315C0301500A38E86 /* Sources */ = {
			isa = PBXSourcesBuildPhase;
			buildActionMask = 2147483647;
			files = (
				6577010315CA0CB800A36A85 /* FMDatabase.m in Sources */,
				6577010415CA0CB800A36A85 /* FMDatabaseAdditions.m in Sources */,
				6577010515CA0CB800A36A85 /* FMDatabasePool.m in Sources */,
				6577010615CA0CB800A36A85 /* FMDatabaseQueue.m in Sources */,
				6577010715CA0CB800A36A85 /* FMResultSet.m in Sources */,
				6577010815CA0CB800A36A85 /* NSObject+SBJSON.m in Sources */,
				6577010915CA0CB800A36A85 /* NSString+SBJSON.m in Sources */,
				6577010A15CA0CB800A36A85 /* SBJSON.m in Sources */,
				6577010B15CA0CB800A36A85 /* SBJsonBase.m in Sources */,
				6577010C15CA0CB800A36A85 /* SBJsonParser.m in Sources */,
				6577010D15CA0CB800A36A85 /* SBJsonWriter.m in Sources */,
				6577010E15CA0CB800A36A85 /* AppDelegate.m in Sources */,
				6577010F15CA0CB800A36A85 /* MasterViewController.m in Sources */,
				6577011015CA0CB800A36A85 /* ColorListCell.m in Sources */,
				065D436715C0301500A38E86 /* ColorNameTests.m in Sources */,
				065D439E15C6D38700A38E86 /* sqlite3_extension_functions.c in Sources */,
				065D439F15C6D38700A38E86 /* UIColor_Categories.m in Sources */,
			);
			runOnlyForDeploymentPostprocessing = 0;
		};
/* End PBXSourcesBuildPhase section */

/* Begin PBXTargetDependency section */
		065D435E15C0301500A38E86 /* PBXTargetDependency */ = {
			isa = PBXTargetDependency;
			target = 065D433315C0301500A38E86 /* ColorName */;
			targetProxy = 065D435D15C0301500A38E86 /* PBXContainerItemProxy */;
		};
/* End PBXTargetDependency section */

/* Begin PBXVariantGroup section */
		065D434115C0301500A38E86 /* InfoPlist.strings */ = {
			isa = PBXVariantGroup;
			children = (
				065D434215C0301500A38E86 /* en */,
			);
			name = InfoPlist.strings;
			sourceTree = "<group>";
		};
		065D434A15C0301500A38E86 /* MainStoryboard.storyboard */ = {
			isa = PBXVariantGroup;
			children = (
				065D434B15C0301500A38E86 /* en */,
			);
			name = MainStoryboard.storyboard;
			sourceTree = "<group>";
		};
		065D436215C0301500A38E86 /* InfoPlist.strings */ = {
			isa = PBXVariantGroup;
			children = (
				065D436315C0301500A38E86 /* en */,
			);
			name = InfoPlist.strings;
			sourceTree = "<group>";
		};
		06C4FFE716F4A4A900EBD9C1 /* AppiraterLocalizable.strings */ = {
			isa = PBXVariantGroup;
			children = (
				06C4FFE816F4A4A900EBD9C1 /* ca */,
				06C4FFE916F4A4A900EBD9C1 /* cs */,
				06C4FFEA16F4A4A900EBD9C1 /* da */,
				06C4FFEB16F4A4A900EBD9C1 /* de */,
				06C4FFEC16F4A4A900EBD9C1 /* el */,
				06C4FFED16F4A4A900EBD9C1 /* en */,
				06C4FFEE16F4A4A900EBD9C1 /* es */,
				06C4FFEF16F4A4A900EBD9C1 /* fi */,
				06C4FFF016F4A4A900EBD9C1 /* fr */,
				06C4FFF116F4A4A900EBD9C1 /* he */,
				06C4FFF216F4A4A900EBD9C1 /* hu */,
				06C4FFF316F4A4A900EBD9C1 /* it */,
				06C4FFF416F4A4A900EBD9C1 /* ja */,
				06C4FFF516F4A4A900EBD9C1 /* ko */,
				06C4FFF616F4A4A900EBD9C1 /* nb */,
				06C4FFF716F4A4A900EBD9C1 /* nl */,
				06C4FFF816F4A4A900EBD9C1 /* pl */,
				06C4FFF916F4A4A900EBD9C1 /* pt */,
				06C4FFFB16F4A4A900EBD9C1 /* ro */,
				06C4FFFC16F4A4A900EBD9C1 /* ru */,
				06C4FFFD16F4A4A900EBD9C1 /* sk */,
				06C4FFFE16F4A4A900EBD9C1 /* sv */,
				06C4FFFF16F4A4A900EBD9C1 /* tr */,
				06C4000016F4A4A900EBD9C1 /* zh-Hans */,
				06C4000116F4A4A900EBD9C1 /* zh-Hant */,
			);
			name = AppiraterLocalizable.strings;
			sourceTree = "<group>";
		};
		06C660AC16650567003CC7C2 /* Localizable.strings */ = {
			isa = PBXVariantGroup;
			children = (
				06C660AD16650567003CC7C2 /* ja */,
			);
			name = Localizable.strings;
			sourceTree = "<group>";
		};
		06C660AF16650578003CC7C2 /* Localizable.strings */ = {
			isa = PBXVariantGroup;
			children = (
				06C660B016650578003CC7C2 /* en */,
			);
			name = Localizable.strings;
			sourceTree = "<group>";
		};
/* End PBXVariantGroup section */

/* Begin XCBuildConfiguration section */
		065D436815C0301500A38E86 /* Debug */ = {
			isa = XCBuildConfiguration;
			buildSettings = {
				ALWAYS_SEARCH_USER_PATHS = NO;
				ARCHS = "$(ARCHS_STANDARD_32_BIT)";
				CLANG_ENABLE_OBJC_ARC = YES;
				"CODE_SIGN_IDENTITY[sdk=iphoneos*]" = "iPhone Developer: Osamu Noguchi (BQY439J4V9)";
				COPY_PHASE_STRIP = NO;
				GCC_C_LANGUAGE_STANDARD = gnu99;
				GCC_DYNAMIC_NO_PIC = NO;
				GCC_OPTIMIZATION_LEVEL = 0;
				GCC_PREPROCESSOR_DEFINITIONS = (
					"DEBUG=1",
					"$(inherited)",
				);
				GCC_SYMBOLS_PRIVATE_EXTERN = NO;
				GCC_VERSION = com.apple.compilers.llvm.clang.1_0;
				GCC_WARN_ABOUT_RETURN_TYPE = YES;
				GCC_WARN_UNINITIALIZED_AUTOS = YES;
				GCC_WARN_UNUSED_VARIABLE = YES;
				IPHONEOS_DEPLOYMENT_TARGET = 6.0;
				"PROVISIONING_PROFILE[sdk=iphoneos*]" = "7B821FC8-E174-4FF7-B34F-329CA19CB28B";
				SDKROOT = iphoneos;
				VALID_ARCHS = armv7;
			};
			name = Debug;
		};
		065D436915C0301500A38E86 /* Release */ = {
			isa = XCBuildConfiguration;
			buildSettings = {
				ALWAYS_SEARCH_USER_PATHS = NO;
				ARCHS = "$(ARCHS_STANDARD_32_BIT)";
				CLANG_ENABLE_OBJC_ARC = YES;
				"CODE_SIGN_IDENTITY[sdk=iphoneos*]" = "iPhone Distribution: Osamu Noguchi";
				COPY_PHASE_STRIP = YES;
				GCC_C_LANGUAGE_STANDARD = gnu99;
				GCC_VERSION = com.apple.compilers.llvm.clang.1_0;
				GCC_WARN_ABOUT_RETURN_TYPE = YES;
				GCC_WARN_UNINITIALIZED_AUTOS = YES;
				GCC_WARN_UNUSED_VARIABLE = YES;
				IPHONEOS_DEPLOYMENT_TARGET = 6.0;
				OTHER_CFLAGS = "-DNS_BLOCK_ASSERTIONS=1";
				"PROVISIONING_PROFILE[sdk=iphoneos*]" = "01363147-E072-47EE-B3ED-73A5592735CB";
				SDKROOT = iphoneos;
				VALIDATE_PRODUCT = YES;
				VALID_ARCHS = armv7;
			};
			name = Release;
		};
		065D436B15C0301500A38E86 /* Debug */ = {
			isa = XCBuildConfiguration;
			buildSettings = {
				"CODE_SIGN_IDENTITY[sdk=iphoneos*]" = "iPhone Developer: Osamu Noguchi (BQY439J4V9)";
				GCC_PRECOMPILE_PREFIX_HEADER = YES;
				GCC_PREFIX_HEADER = "ColorName/ColorName-Prefix.pch";
				INFOPLIST_FILE = "ColorName/ColorName-Info.plist";
				LIBRARY_SEARCH_PATHS = (
					"$(inherited)",
					"\"$(SRCROOT)/GoogleAnalyticsiOS_2.0beta4/Library\"",
				);
				PRODUCT_NAME = "$(TARGET_NAME)";
				"PROVISIONING_PROFILE[sdk=iphoneos*]" = "7C97524F-9AFE-41AA-85C5-9D85A78237A4";
				VALID_ARCHS = armv7;
				WRAPPER_EXTENSION = app;
			};
			name = Debug;
		};
		065D436C15C0301500A38E86 /* Release */ = {
			isa = XCBuildConfiguration;
			buildSettings = {
				GCC_PRECOMPILE_PREFIX_HEADER = YES;
				GCC_PREFIX_HEADER = "ColorName/ColorName-Prefix.pch";
				INFOPLIST_FILE = "ColorName/ColorName-Info.plist";
				LIBRARY_SEARCH_PATHS = (
					"$(inherited)",
					"\"$(SRCROOT)/GoogleAnalyticsiOS_2.0beta4/Library\"",
				);
				PRODUCT_NAME = "$(TARGET_NAME)";
				VALID_ARCHS = armv7;
				WRAPPER_EXTENSION = app;
			};
			name = Release;
		};
		065D436E15C0301500A38E86 /* Debug */ = {
			isa = XCBuildConfiguration;
			buildSettings = {
				BUNDLE_LOADER = "$(BUILT_PRODUCTS_DIR)/ColorName.app/ColorName";
				FRAMEWORK_SEARCH_PATHS = (
					"$(SDKROOT)/Developer/Library/Frameworks",
					"$(DEVELOPER_LIBRARY_DIR)/Frameworks",
				);
				GCC_PRECOMPILE_PREFIX_HEADER = YES;
				GCC_PREFIX_HEADER = "ColorName/ColorName-Prefix.pch";
				INFOPLIST_FILE = "ColorNameTests/ColorNameTests-Info.plist";
				PRODUCT_NAME = "$(TARGET_NAME)";
				TEST_HOST = "$(BUNDLE_LOADER)";
				WRAPPER_EXTENSION = octest;
			};
			name = Debug;
		};
		065D436F15C0301500A38E86 /* Release */ = {
			isa = XCBuildConfiguration;
			buildSettings = {
				BUNDLE_LOADER = "$(BUILT_PRODUCTS_DIR)/ColorName.app/ColorName";
				FRAMEWORK_SEARCH_PATHS = (
					"$(SDKROOT)/Developer/Library/Frameworks",
					"$(DEVELOPER_LIBRARY_DIR)/Frameworks",
				);
				GCC_PRECOMPILE_PREFIX_HEADER = YES;
				GCC_PREFIX_HEADER = "ColorName/ColorName-Prefix.pch";
				INFOPLIST_FILE = "ColorNameTests/ColorNameTests-Info.plist";
				PRODUCT_NAME = "$(TARGET_NAME)";
				TEST_HOST = "$(BUNDLE_LOADER)";
				WRAPPER_EXTENSION = octest;
			};
			name = Release;
		};
		657700FF15CA0C3500A36A85 /* Distribution */ = {
			isa = XCBuildConfiguration;
			buildSettings = {
				ALWAYS_SEARCH_USER_PATHS = NO;
				ARCHS = "$(ARCHS_STANDARD_32_BIT)";
				CLANG_ENABLE_OBJC_ARC = YES;
				"CODE_SIGN_IDENTITY[sdk=iphoneos*]" = "iPhone Distribution: paperboy&co., Inc.";
				COPY_PHASE_STRIP = NO;
				GCC_C_LANGUAGE_STANDARD = gnu99;
				GCC_DYNAMIC_NO_PIC = NO;
				GCC_OPTIMIZATION_LEVEL = 0;
				GCC_PREPROCESSOR_DEFINITIONS = (
					"DEBUG=1",
					"$(inherited)",
				);
				GCC_SYMBOLS_PRIVATE_EXTERN = NO;
				GCC_VERSION = com.apple.compilers.llvm.clang.1_0;
				GCC_WARN_ABOUT_RETURN_TYPE = YES;
				GCC_WARN_UNINITIALIZED_AUTOS = YES;
				GCC_WARN_UNUSED_VARIABLE = YES;
				IPHONEOS_DEPLOYMENT_TARGET = 6.0;
				"PROVISIONING_PROFILE[sdk=iphoneos*]" = "B2AFC211-74CB-42B4-B4C6-B05FC36F088C";
				SDKROOT = iphoneos;
				VALID_ARCHS = armv7;
			};
			name = Distribution;
		};
		6577010015CA0C3500A36A85 /* Distribution */ = {
			isa = XCBuildConfiguration;
			buildSettings = {
				"CODE_SIGN_IDENTITY[sdk=iphoneos*]" = "iPhone Distribution: paperboy&co., Inc.";
				GCC_PRECOMPILE_PREFIX_HEADER = YES;
				GCC_PREFIX_HEADER = "ColorName/ColorName-Prefix.pch";
				INFOPLIST_FILE = "ColorName/ColorName-Info.plist";
				LIBRARY_SEARCH_PATHS = (
					"$(inherited)",
					"\"$(SRCROOT)/GoogleAnalyticsiOS_2.0beta4/Library\"",
				);
				PRODUCT_NAME = "$(TARGET_NAME)";
				"PROVISIONING_PROFILE[sdk=iphoneos*]" = "B2AFC211-74CB-42B4-B4C6-B05FC36F088C";
				VALID_ARCHS = armv7;
				WRAPPER_EXTENSION = app;
			};
			name = Distribution;
		};
		6577010115CA0C3500A36A85 /* Distribution */ = {
			isa = XCBuildConfiguration;
			buildSettings = {
				BUNDLE_LOADER = "$(BUILT_PRODUCTS_DIR)/ColorName.app/ColorName";
				FRAMEWORK_SEARCH_PATHS = (
					"$(SDKROOT)/Developer/Library/Frameworks",
					"$(DEVELOPER_LIBRARY_DIR)/Frameworks",
				);
				GCC_PRECOMPILE_PREFIX_HEADER = YES;
				GCC_PREFIX_HEADER = "ColorName/ColorName-Prefix.pch";
				INFOPLIST_FILE = "ColorNameTests/ColorNameTests-Info.plist";
				PRODUCT_NAME = "$(TARGET_NAME)";
				TEST_HOST = "$(BUNDLE_LOADER)";
				WRAPPER_EXTENSION = octest;
			};
			name = Distribution;
		};
/* End XCBuildConfiguration section */

/* Begin XCConfigurationList section */
		065D432E15C0301400A38E86 /* Build configuration list for PBXProject "ColorName" */ = {
			isa = XCConfigurationList;
			buildConfigurations = (
				065D436815C0301500A38E86 /* Debug */,
				657700FF15CA0C3500A36A85 /* Distribution */,
				065D436915C0301500A38E86 /* Release */,
			);
			defaultConfigurationIsVisible = 0;
			defaultConfigurationName = Release;
		};
		065D436A15C0301500A38E86 /* Build configuration list for PBXNativeTarget "ColorName" */ = {
			isa = XCConfigurationList;
			buildConfigurations = (
				065D436B15C0301500A38E86 /* Debug */,
				6577010015CA0C3500A36A85 /* Distribution */,
				065D436C15C0301500A38E86 /* Release */,
			);
			defaultConfigurationIsVisible = 0;
			defaultConfigurationName = Release;
		};
		065D436D15C0301500A38E86 /* Build configuration list for PBXNativeTarget "ColorNameTests" */ = {
			isa = XCConfigurationList;
			buildConfigurations = (
				065D436E15C0301500A38E86 /* Debug */,
				6577010115CA0C3500A36A85 /* Distribution */,
				065D436F15C0301500A38E86 /* Release */,
			);
			defaultConfigurationIsVisible = 0;
			defaultConfigurationName = Release;
		};
/* End XCConfigurationList section */
	};
	rootObject = 065D432B15C0301400A38E86 /* Project object */;
}
